
Microsoft Visual Studio Solution File, Format Version 12.00
# Visual Studio Version 16
VisualStudioVersion = 16.0.29215.179
MinimumVisualStudioVersion = 10.0.40219.1
Project("{FAE04EC0-301F-11D3-BF4B-00C04F79EFBC}") = "HSPE", "HSPE\HSPE.csproj", "{B6448057-F9C2-4E9C-8E18-09C556CFCB46}"
EndProject
Project("{FAE04EC0-301F-11D3-BF4B-00C04F79EFBC}") = "HSUS", "HSUS\HSUS.csproj", "{46B9049D-9A1A-47FA-9E8D-7F8C07A374D6}"
EndProject
Project("{FAE04EC0-301F-11D3-BF4B-00C04F79EFBC}") = "UIUtility", "UIUtility\UIUtility.csproj", "{5FF39402-D216-42DE-9AAA-BA34103F1786}"
EndProject
Project("{FAE04EC0-301F-11D3-BF4B-00C04F79EFBC}") = "MoreAccessories", "MoreAccessories\MoreAccessories.csproj", "{3F36532D-F399-4E6C-95D0-4AC7B8C2CA23}"
EndProject
Project("{FAE04EC0-301F-11D3-BF4B-00C04F79EFBC}") = "HSExtSave", "HSExtSave\HSExtSave.csproj", "{27695E5F-8D1E-41DC-A81C-1F0C1814627C}"
EndProject
Project("{FAE04EC0-301F-11D3-BF4B-00C04F79EFBC}") = "FogEditor", "FogEditor\FogEditor.csproj", "{AA7D625F-C599-4B63-81BB-97D4B1F938DF}"
EndProject
Project("{FAE04EC0-301F-11D3-BF4B-00C04F79EFBC}") = "RendererEditor", "RendererEditor\RendererEditor.csproj", "{A7B48165-66A9-49C6-9C99-B24CDFA9501C}"
EndProject
Project("{FAE04EC0-301F-11D3-BF4B-00C04F79EFBC}") = "LightingEditor", "LightingEditor\LightingEditor.csproj", "{8CB77A1A-2AD1-4087-A709-7C39BBAB2D78}"
EndProject
Project("{FAE04EC0-301F-11D3-BF4B-00C04F79EFBC}") = "Instrumentation", "Instrumentation\Instrumentation.csproj", "{D2B58411-B5C3-4BC4-A9C1-2FFDED229313}"
EndProject
Project("{FAE04EC0-301F-11D3-BF4B-00C04F79EFBC}") = "MoreAccessoriesKOI", "MoreAccessoriesKOI\MoreAccessoriesKOI.csproj", "{971E90E7-09BA-4FD3-A21D-054C7ABCE1A9}"
EndProject
Project("{FAE04EC0-301F-11D3-BF4B-00C04F79EFBC}") = "ToolBox", "ToolBox\ToolBox.csproj", "{D7E512B2-4E7A-4455-BD7D-97DACF5A039A}"
EndProject
Project("{FAE04EC0-301F-11D3-BF4B-00C04F79EFBC}") = "HSIBL", "HSIBL\HSIBL.csproj", "{2929DB12-18C8-4158-A934-43C2FDEEF2F5}"
EndProject
Project("{FAE04EC0-301F-11D3-BF4B-00C04F79EFBC}") = "BonesFramework", "BonesFramework\BonesFramework.csproj", "{FFBA8101-B8B3-427D-9748-9395F3FD7ED7}"
EndProject
Project("{FAE04EC0-301F-11D3-BF4B-00C04F79EFBC}") = "CameraEditor", "CameraEditor\CameraEditor.csproj", "{1D4EDD68-4D52-4239-B7FC-EB1A482750A4}"
EndProject
Project("{FAE04EC0-301F-11D3-BF4B-00C04F79EFBC}") = "NodesConstraints", "NodesConstraints\NodesConstraints.csproj", "{DDE58382-F341-4A57-9F7C-514EBF79AC24}"
EndProject
Project("{FAE04EC0-301F-11D3-BF4B-00C04F79EFBC}") = "HSStandard", "HSStandard\HSStandard.csproj", "{50A20BAA-58C0-44E4-B219-770FC90276C1}"
EndProject
Project("{FAE04EC0-301F-11D3-BF4B-00C04F79EFBC}") = "VideoExport", "VideoExport\VideoExport.csproj", "{A1CBF48D-D9A9-4D7B-8673-1C2374573941}"
EndProject
Project("{FAE04EC0-301F-11D3-BF4B-00C04F79EFBC}") = "HSLRE", "HSLRE\HSLRE.csproj", "{38517CA0-3427-413D-8855-98D4A6A44B15}"
EndProject
Project("{FAE04EC0-301F-11D3-BF4B-00C04F79EFBC}") = "PoseViewer", "PoseViewer\PoseViewer.csproj", "{7971486C-3DFE-40CC-BBFE-69962BD35F35}"
EndProject
Project("{FAE04EC0-301F-11D3-BF4B-00C04F79EFBC}") = "MoreAccessoriesAI", "MoreAccessoriesAI\MoreAccessoriesAI.csproj", "{7C8D61BF-6F2F-4BF8-A82C-9893ECA1E6F8}"
EndProject
Project("{FAE04EC0-301F-11D3-BF4B-00C04F79EFBC}") = "Timeline", "Timeline\Timeline.csproj", "{D0DAB1A9-18E6-47B8-915B-3F61A2A81709}"
EndProject
Project("{FAE04EC0-301F-11D3-BF4B-00C04F79EFBC}") = "PlayMic", "PlayMic\PlayMic.csproj", "{6F9AA8E0-8F28-477F-834C-5C4F73FC9127}"
EndProject
Global
	GlobalSection(SolutionConfigurationPlatforms) = preSolution
		AI|Any CPU = AI|Any CPU
		Debug|Any CPU = Debug|Any CPU
		HS|Any CPU = HS|Any CPU
		KOI|Any CPU = KOI|Any CPU
		PH|Any CPU = PH|Any CPU
		Release|Any CPU = Release|Any CPU
	EndGlobalSection
	GlobalSection(ProjectConfigurationPlatforms) = postSolution
		{B6448057-F9C2-4E9C-8E18-09C556CFCB46}.AI|Any CPU.ActiveCfg = AI|Any CPU
		{B6448057-F9C2-4E9C-8E18-09C556CFCB46}.Debug|Any CPU.ActiveCfg = Release|Any CPU
		{B6448057-F9C2-4E9C-8E18-09C556CFCB46}.Debug|Any CPU.Build.0 = Release|Any CPU
		{B6448057-F9C2-4E9C-8E18-09C556CFCB46}.HS|Any CPU.ActiveCfg = HS|Any CPU
		{B6448057-F9C2-4E9C-8E18-09C556CFCB46}.HS|Any CPU.Build.0 = HS|Any CPU
		{B6448057-F9C2-4E9C-8E18-09C556CFCB46}.KOI|Any CPU.ActiveCfg = KOI|Any CPU
		{B6448057-F9C2-4E9C-8E18-09C556CFCB46}.KOI|Any CPU.Build.0 = KOI|Any CPU
		{B6448057-F9C2-4E9C-8E18-09C556CFCB46}.PH|Any CPU.ActiveCfg = PH|Any CPU
		{B6448057-F9C2-4E9C-8E18-09C556CFCB46}.PH|Any CPU.Build.0 = PH|Any CPU
		{B6448057-F9C2-4E9C-8E18-09C556CFCB46}.Release|Any CPU.ActiveCfg = Release|Any CPU
		{B6448057-F9C2-4E9C-8E18-09C556CFCB46}.Release|Any CPU.Build.0 = Release|Any CPU
		{46B9049D-9A1A-47FA-9E8D-7F8C07A374D6}.AI|Any CPU.ActiveCfg = AI|Any CPU
		{46B9049D-9A1A-47FA-9E8D-7F8C07A374D6}.AI|Any CPU.Build.0 = AI|Any CPU
		{46B9049D-9A1A-47FA-9E8D-7F8C07A374D6}.Debug|Any CPU.ActiveCfg = Debug|Any CPU
		{46B9049D-9A1A-47FA-9E8D-7F8C07A374D6}.Debug|Any CPU.Build.0 = Debug|Any CPU
		{46B9049D-9A1A-47FA-9E8D-7F8C07A374D6}.HS|Any CPU.ActiveCfg = HS|Any CPU
		{46B9049D-9A1A-47FA-9E8D-7F8C07A374D6}.HS|Any CPU.Build.0 = HS|Any CPU
		{46B9049D-9A1A-47FA-9E8D-7F8C07A374D6}.KOI|Any CPU.ActiveCfg = KOI|Any CPU
		{46B9049D-9A1A-47FA-9E8D-7F8C07A374D6}.KOI|Any CPU.Build.0 = KOI|Any CPU
		{46B9049D-9A1A-47FA-9E8D-7F8C07A374D6}.PH|Any CPU.ActiveCfg = Debug|Any CPU
		{46B9049D-9A1A-47FA-9E8D-7F8C07A374D6}.Release|Any CPU.ActiveCfg = Debug|Any CPU
		{46B9049D-9A1A-47FA-9E8D-7F8C07A374D6}.Release|Any CPU.Build.0 = Debug|Any CPU
		{5FF39402-D216-42DE-9AAA-BA34103F1786}.AI|Any CPU.ActiveCfg = AI|Any CPU
		{5FF39402-D216-42DE-9AAA-BA34103F1786}.AI|Any CPU.Build.0 = AI|Any CPU
		{5FF39402-D216-42DE-9AAA-BA34103F1786}.Debug|Any CPU.ActiveCfg = PH|Any CPU
		{5FF39402-D216-42DE-9AAA-BA34103F1786}.Debug|Any CPU.Build.0 = PH|Any CPU
		{5FF39402-D216-42DE-9AAA-BA34103F1786}.HS|Any CPU.ActiveCfg = HS|Any CPU
		{5FF39402-D216-42DE-9AAA-BA34103F1786}.HS|Any CPU.Build.0 = HS|Any CPU
		{5FF39402-D216-42DE-9AAA-BA34103F1786}.KOI|Any CPU.ActiveCfg = KOI|Any CPU
		{5FF39402-D216-42DE-9AAA-BA34103F1786}.KOI|Any CPU.Build.0 = KOI|Any CPU
		{5FF39402-D216-42DE-9AAA-BA34103F1786}.PH|Any CPU.ActiveCfg = PH|Any CPU
		{5FF39402-D216-42DE-9AAA-BA34103F1786}.PH|Any CPU.Build.0 = PH|Any CPU
		{5FF39402-D216-42DE-9AAA-BA34103F1786}.Release|Any CPU.ActiveCfg = PH|Any CPU
		{5FF39402-D216-42DE-9AAA-BA34103F1786}.Release|Any CPU.Build.0 = PH|Any CPU
		{3F36532D-F399-4E6C-95D0-4AC7B8C2CA23}.AI|Any CPU.ActiveCfg = HS|Any CPU
		{3F36532D-F399-4E6C-95D0-4AC7B8C2CA23}.Debug|Any CPU.ActiveCfg = HS|Any CPU
		{3F36532D-F399-4E6C-95D0-4AC7B8C2CA23}.Debug|Any CPU.Build.0 = HS|Any CPU
		{3F36532D-F399-4E6C-95D0-4AC7B8C2CA23}.HS|Any CPU.ActiveCfg = HS|Any CPU
		{3F36532D-F399-4E6C-95D0-4AC7B8C2CA23}.HS|Any CPU.Build.0 = HS|Any CPU
		{3F36532D-F399-4E6C-95D0-4AC7B8C2CA23}.KOI|Any CPU.ActiveCfg = HS|Any CPU
		{3F36532D-F399-4E6C-95D0-4AC7B8C2CA23}.PH|Any CPU.ActiveCfg = HS|Any CPU
		{3F36532D-F399-4E6C-95D0-4AC7B8C2CA23}.Release|Any CPU.ActiveCfg = HS|Any CPU
		{3F36532D-F399-4E6C-95D0-4AC7B8C2CA23}.Release|Any CPU.Build.0 = HS|Any CPU
		{27695E5F-8D1E-41DC-A81C-1F0C1814627C}.AI|Any CPU.ActiveCfg = PH|Any CPU
		{27695E5F-8D1E-41DC-A81C-1F0C1814627C}.Debug|Any CPU.ActiveCfg = HS|Any CPU
		{27695E5F-8D1E-41DC-A81C-1F0C1814627C}.Debug|Any CPU.Build.0 = HS|Any CPU
		{27695E5F-8D1E-41DC-A81C-1F0C1814627C}.HS|Any CPU.ActiveCfg = HS|Any CPU
		{27695E5F-8D1E-41DC-A81C-1F0C1814627C}.HS|Any CPU.Build.0 = HS|Any CPU
		{27695E5F-8D1E-41DC-A81C-1F0C1814627C}.KOI|Any CPU.ActiveCfg = PH|Any CPU
		{27695E5F-8D1E-41DC-A81C-1F0C1814627C}.PH|Any CPU.ActiveCfg = PH|Any CPU
		{27695E5F-8D1E-41DC-A81C-1F0C1814627C}.PH|Any CPU.Build.0 = PH|Any CPU
		{27695E5F-8D1E-41DC-A81C-1F0C1814627C}.Release|Any CPU.ActiveCfg = HS|Any CPU
		{27695E5F-8D1E-41DC-A81C-1F0C1814627C}.Release|Any CPU.Build.0 = HS|Any CPU
		{AA7D625F-C599-4B63-81BB-97D4B1F938DF}.AI|Any CPU.ActiveCfg = HS|Any CPU
		{AA7D625F-C599-4B63-81BB-97D4B1F938DF}.Debug|Any CPU.ActiveCfg = HS|Any CPU
		{AA7D625F-C599-4B63-81BB-97D4B1F938DF}.Debug|Any CPU.Build.0 = HS|Any CPU
		{AA7D625F-C599-4B63-81BB-97D4B1F938DF}.HS|Any CPU.ActiveCfg = HS|Any CPU
		{AA7D625F-C599-4B63-81BB-97D4B1F938DF}.HS|Any CPU.Build.0 = HS|Any CPU
		{AA7D625F-C599-4B63-81BB-97D4B1F938DF}.KOI|Any CPU.ActiveCfg = HS|Any CPU
		{AA7D625F-C599-4B63-81BB-97D4B1F938DF}.PH|Any CPU.ActiveCfg = HS|Any CPU
		{AA7D625F-C599-4B63-81BB-97D4B1F938DF}.Release|Any CPU.ActiveCfg = HS|Any CPU
		{AA7D625F-C599-4B63-81BB-97D4B1F938DF}.Release|Any CPU.Build.0 = HS|Any CPU
		{A7B48165-66A9-49C6-9C99-B24CDFA9501C}.AI|Any CPU.ActiveCfg = AI|Any CPU
		{A7B48165-66A9-49C6-9C99-B24CDFA9501C}.Debug|Any CPU.ActiveCfg = HS|Any CPU
		{A7B48165-66A9-49C6-9C99-B24CDFA9501C}.Debug|Any CPU.Build.0 = HS|Any CPU
		{A7B48165-66A9-49C6-9C99-B24CDFA9501C}.HS|Any CPU.ActiveCfg = HS|Any CPU
		{A7B48165-66A9-49C6-9C99-B24CDFA9501C}.HS|Any CPU.Build.0 = HS|Any CPU
		{A7B48165-66A9-49C6-9C99-B24CDFA9501C}.KOI|Any CPU.ActiveCfg = HS|Any CPU
		{A7B48165-66A9-49C6-9C99-B24CDFA9501C}.KOI|Any CPU.Build.0 = HS|Any CPU
		{A7B48165-66A9-49C6-9C99-B24CDFA9501C}.PH|Any CPU.ActiveCfg = HS|Any CPU
		{A7B48165-66A9-49C6-9C99-B24CDFA9501C}.PH|Any CPU.Build.0 = HS|Any CPU
		{A7B48165-66A9-49C6-9C99-B24CDFA9501C}.Release|Any CPU.ActiveCfg = HS|Any CPU
		{A7B48165-66A9-49C6-9C99-B24CDFA9501C}.Release|Any CPU.Build.0 = HS|Any CPU
		{8CB77A1A-2AD1-4087-A709-7C39BBAB2D78}.AI|Any CPU.ActiveCfg = AI|Any CPU
		{8CB77A1A-2AD1-4087-A709-7C39BBAB2D78}.Debug|Any CPU.ActiveCfg = HS|Any CPU
		{8CB77A1A-2AD1-4087-A709-7C39BBAB2D78}.Debug|Any CPU.Build.0 = HS|Any CPU
		{8CB77A1A-2AD1-4087-A709-7C39BBAB2D78}.HS|Any CPU.ActiveCfg = HS|Any CPU
		{8CB77A1A-2AD1-4087-A709-7C39BBAB2D78}.HS|Any CPU.Build.0 = HS|Any CPU
		{8CB77A1A-2AD1-4087-A709-7C39BBAB2D78}.KOI|Any CPU.ActiveCfg = HS|Any CPU
		{8CB77A1A-2AD1-4087-A709-7C39BBAB2D78}.PH|Any CPU.ActiveCfg = HS|Any CPU
		{8CB77A1A-2AD1-4087-A709-7C39BBAB2D78}.Release|Any CPU.ActiveCfg = HS|Any CPU
		{8CB77A1A-2AD1-4087-A709-7C39BBAB2D78}.Release|Any CPU.Build.0 = HS|Any CPU
		{D2B58411-B5C3-4BC4-A9C1-2FFDED229313}.AI|Any CPU.ActiveCfg = AI|Any CPU
		{D2B58411-B5C3-4BC4-A9C1-2FFDED229313}.Debug|Any CPU.ActiveCfg = KOI|Any CPU
		{D2B58411-B5C3-4BC4-A9C1-2FFDED229313}.Debug|Any CPU.Build.0 = KOI|Any CPU
		{D2B58411-B5C3-4BC4-A9C1-2FFDED229313}.HS|Any CPU.ActiveCfg = HS|Any CPU
		{D2B58411-B5C3-4BC4-A9C1-2FFDED229313}.HS|Any CPU.Build.0 = HS|Any CPU
		{D2B58411-B5C3-4BC4-A9C1-2FFDED229313}.KOI|Any CPU.ActiveCfg = KOI|Any CPU
		{D2B58411-B5C3-4BC4-A9C1-2FFDED229313}.KOI|Any CPU.Build.0 = KOI|Any CPU
		{D2B58411-B5C3-4BC4-A9C1-2FFDED229313}.PH|Any CPU.ActiveCfg = KOI|Any CPU
		{D2B58411-B5C3-4BC4-A9C1-2FFDED229313}.Release|Any CPU.ActiveCfg = KOI|Any CPU
		{D2B58411-B5C3-4BC4-A9C1-2FFDED229313}.Release|Any CPU.Build.0 = KOI|Any CPU
		{971E90E7-09BA-4FD3-A21D-054C7ABCE1A9}.AI|Any CPU.ActiveCfg = KOI|Any CPU
		{971E90E7-09BA-4FD3-A21D-054C7ABCE1A9}.Debug|Any CPU.ActiveCfg = KOI|Any CPU
		{971E90E7-09BA-4FD3-A21D-054C7ABCE1A9}.Debug|Any CPU.Build.0 = KOI|Any CPU
		{971E90E7-09BA-4FD3-A21D-054C7ABCE1A9}.HS|Any CPU.ActiveCfg = KOI|Any CPU
		{971E90E7-09BA-4FD3-A21D-054C7ABCE1A9}.KOI|Any CPU.ActiveCfg = KOI|Any CPU
		{971E90E7-09BA-4FD3-A21D-054C7ABCE1A9}.KOI|Any CPU.Build.0 = KOI|Any CPU
		{971E90E7-09BA-4FD3-A21D-054C7ABCE1A9}.PH|Any CPU.ActiveCfg = KOI|Any CPU
		{971E90E7-09BA-4FD3-A21D-054C7ABCE1A9}.Release|Any CPU.ActiveCfg = KOI|Any CPU
		{971E90E7-09BA-4FD3-A21D-054C7ABCE1A9}.Release|Any CPU.Build.0 = KOI|Any CPU
		{D7E512B2-4E7A-4455-BD7D-97DACF5A039A}.AI|Any CPU.ActiveCfg = AI|Any CPU
		{D7E512B2-4E7A-4455-BD7D-97DACF5A039A}.AI|Any CPU.Build.0 = AI|Any CPU
		{D7E512B2-4E7A-4455-BD7D-97DACF5A039A}.Debug|Any CPU.ActiveCfg = PH|Any CPU
		{D7E512B2-4E7A-4455-BD7D-97DACF5A039A}.Debug|Any CPU.Build.0 = PH|Any CPU
		{D7E512B2-4E7A-4455-BD7D-97DACF5A039A}.HS|Any CPU.ActiveCfg = HS|Any CPU
		{D7E512B2-4E7A-4455-BD7D-97DACF5A039A}.HS|Any CPU.Build.0 = HS|Any CPU
		{D7E512B2-4E7A-4455-BD7D-97DACF5A039A}.KOI|Any CPU.ActiveCfg = KOI|Any CPU
		{D7E512B2-4E7A-4455-BD7D-97DACF5A039A}.KOI|Any CPU.Build.0 = KOI|Any CPU
		{D7E512B2-4E7A-4455-BD7D-97DACF5A039A}.PH|Any CPU.ActiveCfg = PH|Any CPU
		{D7E512B2-4E7A-4455-BD7D-97DACF5A039A}.PH|Any CPU.Build.0 = PH|Any CPU
		{D7E512B2-4E7A-4455-BD7D-97DACF5A039A}.Release|Any CPU.ActiveCfg = PH|Any CPU
		{D7E512B2-4E7A-4455-BD7D-97DACF5A039A}.Release|Any CPU.Build.0 = PH|Any CPU
		{2929DB12-18C8-4158-A934-43C2FDEEF2F5}.AI|Any CPU.ActiveCfg = AI|Any CPU
		{2929DB12-18C8-4158-A934-43C2FDEEF2F5}.Debug|Any CPU.ActiveCfg = Debug|Any CPU
		{2929DB12-18C8-4158-A934-43C2FDEEF2F5}.Debug|Any CPU.Build.0 = Debug|Any CPU
		{2929DB12-18C8-4158-A934-43C2FDEEF2F5}.HS|Any CPU.ActiveCfg = Release|Any CPU
		{2929DB12-18C8-4158-A934-43C2FDEEF2F5}.HS|Any CPU.Build.0 = Release|Any CPU
		{2929DB12-18C8-4158-A934-43C2FDEEF2F5}.KOI|Any CPU.ActiveCfg = Release|Any CPU
		{2929DB12-18C8-4158-A934-43C2FDEEF2F5}.PH|Any CPU.ActiveCfg = Release|Any CPU
		{2929DB12-18C8-4158-A934-43C2FDEEF2F5}.Release|Any CPU.ActiveCfg = Release|Any CPU
		{2929DB12-18C8-4158-A934-43C2FDEEF2F5}.Release|Any CPU.Build.0 = Release|Any CPU
		{FFBA8101-B8B3-427D-9748-9395F3FD7ED7}.AI|Any CPU.ActiveCfg = AI|Any CPU
		{FFBA8101-B8B3-427D-9748-9395F3FD7ED7}.AI|Any CPU.Build.0 = AI|Any CPU
		{FFBA8101-B8B3-427D-9748-9395F3FD7ED7}.Debug|Any CPU.ActiveCfg = HS|Any CPU
		{FFBA8101-B8B3-427D-9748-9395F3FD7ED7}.Debug|Any CPU.Build.0 = HS|Any CPU
		{FFBA8101-B8B3-427D-9748-9395F3FD7ED7}.HS|Any CPU.ActiveCfg = HS|Any CPU
		{FFBA8101-B8B3-427D-9748-9395F3FD7ED7}.HS|Any CPU.Build.0 = HS|Any CPU
		{FFBA8101-B8B3-427D-9748-9395F3FD7ED7}.KOI|Any CPU.ActiveCfg = HS|Any CPU
		{FFBA8101-B8B3-427D-9748-9395F3FD7ED7}.PH|Any CPU.ActiveCfg = HS|Any CPU
		{FFBA8101-B8B3-427D-9748-9395F3FD7ED7}.Release|Any CPU.ActiveCfg = HS|Any CPU
		{FFBA8101-B8B3-427D-9748-9395F3FD7ED7}.Release|Any CPU.Build.0 = HS|Any CPU
		{1D4EDD68-4D52-4239-B7FC-EB1A482750A4}.AI|Any CPU.ActiveCfg = KOI|Any CPU
		{1D4EDD68-4D52-4239-B7FC-EB1A482750A4}.Debug|Any CPU.ActiveCfg = HS|Any CPU
		{1D4EDD68-4D52-4239-B7FC-EB1A482750A4}.Debug|Any CPU.Build.0 = HS|Any CPU
		{1D4EDD68-4D52-4239-B7FC-EB1A482750A4}.HS|Any CPU.ActiveCfg = HS|Any CPU
		{1D4EDD68-4D52-4239-B7FC-EB1A482750A4}.HS|Any CPU.Build.0 = HS|Any CPU
		{1D4EDD68-4D52-4239-B7FC-EB1A482750A4}.KOI|Any CPU.ActiveCfg = KOI|Any CPU
		{1D4EDD68-4D52-4239-B7FC-EB1A482750A4}.PH|Any CPU.ActiveCfg = KOI|Any CPU
		{1D4EDD68-4D52-4239-B7FC-EB1A482750A4}.Release|Any CPU.ActiveCfg = HS|Any CPU
		{1D4EDD68-4D52-4239-B7FC-EB1A482750A4}.Release|Any CPU.Build.0 = HS|Any CPU
		{DDE58382-F341-4A57-9F7C-514EBF79AC24}.AI|Any CPU.ActiveCfg = AI|Any CPU
		{DDE58382-F341-4A57-9F7C-514EBF79AC24}.AI|Any CPU.Build.0 = AI|Any CPU
		{DDE58382-F341-4A57-9F7C-514EBF79AC24}.Debug|Any CPU.ActiveCfg = KOI|Any CPU
		{DDE58382-F341-4A57-9F7C-514EBF79AC24}.Debug|Any CPU.Build.0 = KOI|Any CPU
		{DDE58382-F341-4A57-9F7C-514EBF79AC24}.HS|Any CPU.ActiveCfg = HS|Any CPU
		{DDE58382-F341-4A57-9F7C-514EBF79AC24}.HS|Any CPU.Build.0 = HS|Any CPU
		{DDE58382-F341-4A57-9F7C-514EBF79AC24}.KOI|Any CPU.ActiveCfg = KOI|Any CPU
		{DDE58382-F341-4A57-9F7C-514EBF79AC24}.KOI|Any CPU.Build.0 = KOI|Any CPU
		{DDE58382-F341-4A57-9F7C-514EBF79AC24}.PH|Any CPU.ActiveCfg = KOI|Any CPU
		{DDE58382-F341-4A57-9F7C-514EBF79AC24}.Release|Any CPU.ActiveCfg = KOI|Any CPU
		{DDE58382-F341-4A57-9F7C-514EBF79AC24}.Release|Any CPU.Build.0 = KOI|Any CPU
		{50A20BAA-58C0-44E4-B219-770FC90276C1}.AI|Any CPU.ActiveCfg = AI|Any CPU
		{50A20BAA-58C0-44E4-B219-770FC90276C1}.Debug|Any CPU.ActiveCfg = HS|Any CPU
		{50A20BAA-58C0-44E4-B219-770FC90276C1}.Debug|Any CPU.Build.0 = HS|Any CPU
		{50A20BAA-58C0-44E4-B219-770FC90276C1}.HS|Any CPU.ActiveCfg = HS|Any CPU
		{50A20BAA-58C0-44E4-B219-770FC90276C1}.HS|Any CPU.Build.0 = HS|Any CPU
		{50A20BAA-58C0-44E4-B219-770FC90276C1}.KOI|Any CPU.ActiveCfg = HS|Any CPU
		{50A20BAA-58C0-44E4-B219-770FC90276C1}.PH|Any CPU.ActiveCfg = HS|Any CPU
		{50A20BAA-58C0-44E4-B219-770FC90276C1}.Release|Any CPU.ActiveCfg = HS|Any CPU
		{50A20BAA-58C0-44E4-B219-770FC90276C1}.Release|Any CPU.Build.0 = HS|Any CPU
		{A1CBF48D-D9A9-4D7B-8673-1C2374573941}.AI|Any CPU.ActiveCfg = AI|Any CPU
		{A1CBF48D-D9A9-4D7B-8673-1C2374573941}.AI|Any CPU.Build.0 = AI|Any CPU
		{A1CBF48D-D9A9-4D7B-8673-1C2374573941}.Debug|Any CPU.ActiveCfg = KOI|Any CPU
		{A1CBF48D-D9A9-4D7B-8673-1C2374573941}.Debug|Any CPU.Build.0 = KOI|Any CPU
		{A1CBF48D-D9A9-4D7B-8673-1C2374573941}.HS|Any CPU.ActiveCfg = HS|Any CPU
		{A1CBF48D-D9A9-4D7B-8673-1C2374573941}.HS|Any CPU.Build.0 = HS|Any CPU
		{A1CBF48D-D9A9-4D7B-8673-1C2374573941}.KOI|Any CPU.ActiveCfg = KOI|Any CPU
		{A1CBF48D-D9A9-4D7B-8673-1C2374573941}.PH|Any CPU.ActiveCfg = KOI|Any CPU
		{A1CBF48D-D9A9-4D7B-8673-1C2374573941}.Release|Any CPU.ActiveCfg = KOI|Any CPU
		{A1CBF48D-D9A9-4D7B-8673-1C2374573941}.Release|Any CPU.Build.0 = KOI|Any CPU
		{38517CA0-3427-413D-8855-98D4A6A44B15}.AI|Any CPU.ActiveCfg = AI|Any CPU
		{38517CA0-3427-413D-8855-98D4A6A44B15}.Debug|Any CPU.ActiveCfg = HS|Any CPU
		{38517CA0-3427-413D-8855-98D4A6A44B15}.Debug|Any CPU.Build.0 = HS|Any CPU
		{38517CA0-3427-413D-8855-98D4A6A44B15}.HS|Any CPU.ActiveCfg = HS|Any CPU
		{38517CA0-3427-413D-8855-98D4A6A44B15}.HS|Any CPU.Build.0 = HS|Any CPU
		{38517CA0-3427-413D-8855-98D4A6A44B15}.KOI|Any CPU.ActiveCfg = HS|Any CPU
		{38517CA0-3427-413D-8855-98D4A6A44B15}.PH|Any CPU.ActiveCfg = HS|Any CPU
		{38517CA0-3427-413D-8855-98D4A6A44B15}.Release|Any CPU.ActiveCfg = HS|Any CPU
		{38517CA0-3427-413D-8855-98D4A6A44B15}.Release|Any CPU.Build.0 = HS|Any CPU
		{7971486C-3DFE-40CC-BBFE-69962BD35F35}.AI|Any CPU.ActiveCfg = HS|Any CPU
		{7971486C-3DFE-40CC-BBFE-69962BD35F35}.Debug|Any CPU.ActiveCfg = HS|Any CPU
		{7971486C-3DFE-40CC-BBFE-69962BD35F35}.Debug|Any CPU.Build.0 = HS|Any CPU
		{7971486C-3DFE-40CC-BBFE-69962BD35F35}.HS|Any CPU.ActiveCfg = HS|Any CPU
		{7971486C-3DFE-40CC-BBFE-69962BD35F35}.HS|Any CPU.Build.0 = HS|Any CPU
		{7971486C-3DFE-40CC-BBFE-69962BD35F35}.KOI|Any CPU.ActiveCfg = HS|Any CPU
		{7971486C-3DFE-40CC-BBFE-69962BD35F35}.PH|Any CPU.ActiveCfg = HS|Any CPU
		{7971486C-3DFE-40CC-BBFE-69962BD35F35}.Release|Any CPU.ActiveCfg = HS|Any CPU
		{7971486C-3DFE-40CC-BBFE-69962BD35F35}.Release|Any CPU.Build.0 = HS|Any CPU
		{7C8D61BF-6F2F-4BF8-A82C-9893ECA1E6F8}.AI|Any CPU.ActiveCfg = AI|Any CPU
		{7C8D61BF-6F2F-4BF8-A82C-9893ECA1E6F8}.AI|Any CPU.Build.0 = AI|Any CPU
		{7C8D61BF-6F2F-4BF8-A82C-9893ECA1E6F8}.Debug|Any CPU.ActiveCfg = AI|Any CPU
		{7C8D61BF-6F2F-4BF8-A82C-9893ECA1E6F8}.Debug|Any CPU.Build.0 = AI|Any CPU
		{7C8D61BF-6F2F-4BF8-A82C-9893ECA1E6F8}.HS|Any CPU.ActiveCfg = AI|Any CPU
		{7C8D61BF-6F2F-4BF8-A82C-9893ECA1E6F8}.KOI|Any CPU.ActiveCfg = AI|Any CPU
		{7C8D61BF-6F2F-4BF8-A82C-9893ECA1E6F8}.PH|Any CPU.ActiveCfg = AI|Any CPU
		{7C8D61BF-6F2F-4BF8-A82C-9893ECA1E6F8}.Release|Any CPU.ActiveCfg = AI|Any CPU
		{7C8D61BF-6F2F-4BF8-A82C-9893ECA1E6F8}.Release|Any CPU.Build.0 = AI|Any CPU
		{D0DAB1A9-18E6-47B8-915B-3F61A2A81709}.AI|Any CPU.ActiveCfg = HS|Any CPU
		{D0DAB1A9-18E6-47B8-915B-3F61A2A81709}.Debug|Any CPU.ActiveCfg = HS|Any CPU
		{D0DAB1A9-18E6-47B8-915B-3F61A2A81709}.Debug|Any CPU.Build.0 = HS|Any CPU
		{D0DAB1A9-18E6-47B8-915B-3F61A2A81709}.HS|Any CPU.ActiveCfg = HS|Any CPU
		{D0DAB1A9-18E6-47B8-915B-3F61A2A81709}.HS|Any CPU.Build.0 = HS|Any CPU
		{D0DAB1A9-18E6-47B8-915B-3F61A2A81709}.KOI|Any CPU.ActiveCfg = HS|Any CPU
		{D0DAB1A9-18E6-47B8-915B-3F61A2A81709}.PH|Any CPU.ActiveCfg = HS|Any CPU
		{D0DAB1A9-18E6-47B8-915B-3F61A2A81709}.Release|Any CPU.ActiveCfg = HS|Any CPU
		{D0DAB1A9-18E6-47B8-915B-3F61A2A81709}.Release|Any CPU.Build.0 = HS|Any CPU
		{6F9AA8E0-8F28-477F-834C-5C4F73FC9127}.AI|Any CPU.ActiveCfg = Release|Any CPU
		{6F9AA8E0-8F28-477F-834C-5C4F73FC9127}.AI|Any CPU.Build.0 = Release|Any CPU
		{6F9AA8E0-8F28-477F-834C-5C4F73FC9127}.Debug|Any CPU.ActiveCfg = Debug|Any CPU
		{6F9AA8E0-8F28-477F-834C-5C4F73FC9127}.Debug|Any CPU.Build.0 = Debug|Any CPU
		{6F9AA8E0-8F28-477F-834C-5C4F73FC9127}.HS|Any CPU.ActiveCfg = Release|Any CPU
		{6F9AA8E0-8F28-477F-834C-5C4F73FC9127}.HS|Any CPU.Build.0 = Release|Any CPU
		{6F9AA8E0-8F28-477F-834C-5C4F73FC9127}.KOI|Any CPU.ActiveCfg = Release|Any CPU
		{6F9AA8E0-8F28-477F-834C-5C4F73FC9127}.KOI|Any CPU.Build.0 = Release|Any CPU
		{6F9AA8E0-8F28-477F-834C-5C4F73FC9127}.PH|Any CPU.ActiveCfg = Release|Any CPU
		{6F9AA8E0-8F28-477F-834C-5C4F73FC9127}.PH|Any CPU.Build.0 = Release|Any CPU
		{6F9AA8E0-8F28-477F-834C-5C4F73FC9127}.Release|Any CPU.ActiveCfg = Release|Any CPU
		{6F9AA8E0-8F28-477F-834C-5C4F73FC9127}.Release|Any CPU.Build.0 = Release|Any CPU
	EndGlobalSection
	GlobalSection(SolutionProperties) = preSolution
		HideSolutionNode = FALSE
	EndGlobalSection
	GlobalSection(ExtensibilityGlobals) = postSolution
		SolutionGuid = {A138173C-ADED-4DEF-AE9B-B4B1F5CF0298}
	EndGlobalSection
	GlobalSection(Performance) = preSolution
		HasPerformanceSessions = true
	EndGlobalSection
EndGlobal
