
Microsoft Visual Studio Solution File, Format Version 12.00
# Visual Studio Version 17
VisualStudioVersion = 17.1.32414.318
MinimumVisualStudioVersion = 10.0.40219.1
Project("{FAE04EC0-301F-11D3-BF4B-00C04F79EFBC}") = "HSPE", "HSPE\HSPE.csproj", "{B6448057-F9C2-4E9C-8E18-09C556CFCB46}"
EndProject
Project("{FAE04EC0-301F-11D3-BF4B-00C04F79EFBC}") = "MoreAccessories", "MoreAccessories\MoreAccessories.csproj", "{3F36532D-F399-4E6C-95D0-4AC7B8C2CA23}"
EndProject
Project("{FAE04EC0-301F-11D3-BF4B-00C04F79EFBC}") = "HSExtSave", "HSExtSave\HSExtSave.csproj", "{27695E5F-8D1E-41DC-A81C-1F0C1814627C}"
EndProject
Project("{FAE04EC0-301F-11D3-BF4B-00C04F79EFBC}") = "FogEditor", "FogEditor\FogEditor.csproj", "{AA7D625F-C599-4B63-81BB-97D4B1F938DF}"
EndProject
Project("{FAE04EC0-301F-11D3-BF4B-00C04F79EFBC}") = "RendererEditor", "RendererEditor\RendererEditor.csproj", "{A7B48165-66A9-49C6-9C99-B24CDFA9501C}"
EndProject
Project("{FAE04EC0-301F-11D3-BF4B-00C04F79EFBC}") = "LightingEditor", "LightingEditor\LightingEditor.csproj", "{8CB77A1A-2AD1-4087-A709-7C39BBAB2D78}"
EndProject
Project("{FAE04EC0-301F-11D3-BF4B-00C04F79EFBC}") = "Instrumentation", "Instrumentation\Instrumentation.csproj", "{D2B58411-B5C3-4BC4-A9C1-2FFDED229313}"
EndProject
Project("{FAE04EC0-301F-11D3-BF4B-00C04F79EFBC}") = "MoreAccessoriesKOI", "MoreAccessoriesKOI\MoreAccessoriesKOI.csproj", "{971E90E7-09BA-4FD3-A21D-054C7ABCE1A9}"
EndProject
Project("{FAE04EC0-301F-11D3-BF4B-00C04F79EFBC}") = "HSIBL", "HSIBL\HSIBL.csproj", "{2929DB12-18C8-4158-A934-43C2FDEEF2F5}"
EndProject
Project("{FAE04EC0-301F-11D3-BF4B-00C04F79EFBC}") = "BonesFramework", "BonesFramework\BonesFramework.csproj", "{FFBA8101-B8B3-427D-9748-9395F3FD7ED7}"
EndProject
Project("{FAE04EC0-301F-11D3-BF4B-00C04F79EFBC}") = "CameraEditor", "CameraEditor\CameraEditor.csproj", "{1D4EDD68-4D52-4239-B7FC-EB1A482750A4}"
EndProject
Project("{FAE04EC0-301F-11D3-BF4B-00C04F79EFBC}") = "HSStandard", "HSStandard\HSStandard.csproj", "{50A20BAA-58C0-44E4-B219-770FC90276C1}"
EndProject
Project("{FAE04EC0-301F-11D3-BF4B-00C04F79EFBC}") = "HSLRE", "HSLRE\HSLRE.csproj", "{38517CA0-3427-413D-8855-98D4A6A44B15}"
EndProject
Project("{FAE04EC0-301F-11D3-BF4B-00C04F79EFBC}") = "PoseViewer", "PoseViewer\PoseViewer.csproj", "{7971486C-3DFE-40CC-BBFE-69962BD35F35}"
EndProject
Project("{FAE04EC0-301F-11D3-BF4B-00C04F79EFBC}") = "MoreAccessoriesAI", "MoreAccessoriesAI\MoreAccessoriesAI.csproj", "{7C8D61BF-6F2F-4BF8-A82C-9893ECA1E6F8}"
EndProject
Project("{2150E333-8FDC-42A3-9474-1A3956D46DE8}") = "PoseEditor", "PoseEditor", "{4A717F88-2D2F-4374-8F84-6B65FEA43E93}"
EndProject
Project("{FAE04EC0-301F-11D3-BF4B-00C04F79EFBC}") = "KKPE", "KKPE\KKPE.csproj", "{22D768D0-1405-453D-80AA-E91D1B0EB956}"
EndProject
Project("{D954291E-2A0B-460D-934E-DC6B0785DB48}") = "PoseEditor.Core", "Core.PoseEditor\PoseEditor.Core.shproj", "{607FCC24-1E15-4FF8-A662-21D28FE01671}"
EndProject
Project("{D954291E-2A0B-460D-934E-DC6B0785DB48}") = "UIUtility", "UIUtility\UIUtility.shproj", "{074E95D7-3B9A-4CD9-B1B6-6F7273D400A4}"
EndProject
Project("{D954291E-2A0B-460D-934E-DC6B0785DB48}") = "ToolBox", "ToolBox\ToolBox.shproj", "{34A5E7CE-5612-4FEE-8290-2C4290363A40}"
EndProject
Project("{FAE04EC0-301F-11D3-BF4B-00C04F79EFBC}") = "KKSPE", "KKSPE\KKSPE.csproj", "{5E38F4CC-F411-4532-8361-46543715C48B}"
EndProject
Project("{2150E333-8FDC-42A3-9474-1A3956D46DE8}") = "NodesConstraints", "NodesConstraints", "{4F7FCC33-018D-4EBC-A5E1-1A60BE091917}"
EndProject
Project("{FAE04EC0-301F-11D3-BF4B-00C04F79EFBC}") = "NodesConstraints.KK", "NodesConstraints.KK\NodesConstraints.KK.csproj", "{C55C162F-0F90-450B-96CC-6021168DB63A}"
EndProject
Project("{FAE04EC0-301F-11D3-BF4B-00C04F79EFBC}") = "NodesConstraints.KKS", "NodesConstraints.KKS\NodesConstraints.KKS.csproj", "{73FEC2F5-225C-4363-984F-746DBAB6F6F5}"
EndProject
Project("{D954291E-2A0B-460D-934E-DC6B0785DB48}") = "NodesConstraints.Core", "NodesConstraints.Core\NodesConstraints.Core.shproj", "{4789548F-9126-4881-AD87-A5A68628062D}"
EndProject
Project("{2150E333-8FDC-42A3-9474-1A3956D46DE8}") = "Timeline", "Timeline", "{322BDAAE-E671-42A5-A6C0-0120C629957A}"
EndProject
Project("{FAE04EC0-301F-11D3-BF4B-00C04F79EFBC}") = "Timeline.KK", "Timeline.KK\Timeline.KK.csproj", "{3978AEA2-BFCB-43C1-A909-921290587540}"
EndProject
Project("{FAE04EC0-301F-11D3-BF4B-00C04F79EFBC}") = "Timeline.KKS", "Timeline.KKS\Timeline.KKS.csproj", "{34F37CA2-ADA1-41D8-9AAA-CB9E67514373}"
EndProject
Project("{D954291E-2A0B-460D-934E-DC6B0785DB48}") = "Timeline.Core", "Timeline.Core\Timeline.Core.shproj", "{E9A8DFAE-8470-4AB1-B5A6-6F9C9B42A3D7}"
EndProject
Project("{2150E333-8FDC-42A3-9474-1A3956D46DE8}") = "UsefulStuff", "UsefulStuff", "{DADEF895-193D-4178-A67D-A54848914825}"
EndProject
Project("{FAE04EC0-301F-11D3-BF4B-00C04F79EFBC}") = "KKSUS", "KKSUS\KKSUS.csproj", "{8D687395-37EC-4632-BFD3-BB9F56EC04B4}"
EndProject
Project("{FAE04EC0-301F-11D3-BF4B-00C04F79EFBC}") = "KKUS", "KKUS\KKUS.csproj", "{2E566206-CB55-49B1-9D60-6182D596292F}"
EndProject
Project("{D954291E-2A0B-460D-934E-DC6B0785DB48}") = "UsefulStuff.Core", "UsefulStuff.Core\UsefulStuff.Core.shproj", "{B4C7CDD3-B206-478D-B51F-FDC64C815F02}"
EndProject
Project("{FAE04EC0-301F-11D3-BF4B-00C04F79EFBC}") = "AIPE", "AIPE\AIPE.csproj", "{18698BC1-FB52-4A36-9984-22A739269C83}"
EndProject
Project("{FAE04EC0-301F-11D3-BF4B-00C04F79EFBC}") = "HS2PE", "HS2PE\HS2PE.csproj", "{19BF99C1-720F-41F4-A241-EB4CF589E6AD}"
EndProject
Project("{FAE04EC0-301F-11D3-BF4B-00C04F79EFBC}") = "Timeline.AI", "Timeline.AI\Timeline.AI.csproj", "{7EF020D2-5340-455E-9CDB-466B5A2CED94}"
EndProject
Project("{FAE04EC0-301F-11D3-BF4B-00C04F79EFBC}") = "Timeline.HS2", "Timeline.HS2\Timeline.HS2.csproj", "{0E8A5A0B-D464-4950-BA76-E23F4F74FCFD}"
EndProject
Project("{FAE04EC0-301F-11D3-BF4B-00C04F79EFBC}") = "NodesConstraints.AI", "NodesConstraints.AI\NodesConstraints.AI.csproj", "{B0103FD9-F358-405E-98D8-6C408D3F725B}"
EndProject
Project("{FAE04EC0-301F-11D3-BF4B-00C04F79EFBC}") = "NodesConstraints.HS2", "NodesConstraints.HS2\NodesConstraints.HS2.csproj", "{9E8A6BDF-1100-4B2E-B2F4-69E1C00092AF}"
EndProject
Project("{FAE04EC0-301F-11D3-BF4B-00C04F79EFBC}") = "AIUS", "AIUS\AIUS.csproj", "{8E11FDE0-E762-4A16-92C9-48538A21137A}"
EndProject
Project("{FAE04EC0-301F-11D3-BF4B-00C04F79EFBC}") = "HS2US", "HS2US\HS2US.csproj", "{73FD7F4C-C9AC-4366-956A-B580675AF57B}"
EndProject
Project("{2150E333-8FDC-42A3-9474-1A3956D46DE8}") = "VideoExport", "VideoExport", "{6CE01CC0-5CAF-48B1-B21A-5E6FE306C23C}"
EndProject
Project("{FAE04EC0-301F-11D3-BF4B-00C04F79EFBC}") = "VideoExport.KK", "VideoExport.KK\VideoExport.KK.csproj", "{FB575D3D-F66E-482F-8447-B5A22B2A14A8}"
EndProject
Project("{D954291E-2A0B-460D-934E-DC6B0785DB48}") = "VideoExport.Core", "VideoExport.Core\VideoExport.Core.shproj", "{27D7086F-B9A7-43E6-A4FD-DBDA2B5C5375}"
EndProject
Project("{FAE04EC0-301F-11D3-BF4B-00C04F79EFBC}") = "VideoExport.KKS", "VideoExport.KKS\VideoExport.KKS.csproj", "{87FCDD0F-FD4F-48AD-8A0A-56116EBB8BB5}"
EndProject
Project("{FAE04EC0-301F-11D3-BF4B-00C04F79EFBC}") = "VideoExport.AI", "VideoExport.AI\VideoExport.AI.csproj", "{E0FD10AF-2B3B-44A6-8699-31D24B84C551}"
EndProject
Project("{FAE04EC0-301F-11D3-BF4B-00C04F79EFBC}") = "VideoExport.HS2", "VideoExport.HS2\VideoExport.HS2.csproj", "{087D164B-3816-4884-9FA7-D5810A89F5E0}"
EndProject
Project("{2150E333-8FDC-42A3-9474-1A3956D46DE8}") = "_Needs work", "_Needs work", "{A10412DF-AF85-43AA-82D2-424DC3023104}"
EndProject
Project("{FAE04EC0-301F-11D3-BF4B-00C04F79EFBC}") = "CollidersDebug.KKS", "CollidersDebug.KKS\CollidersDebug.KKS.csproj", "{7F202332-0583-4389-8092-A4702F67820D}"
EndProject
Project("{2150E333-8FDC-42A3-9474-1A3956D46DE8}") = "CollidersDebug", "CollidersDebug", "{DF686ECF-D913-4C25-9876-A99C1706CBF3}"
EndProject
Project("{D954291E-2A0B-460D-934E-DC6B0785DB48}") = "CollidersDebug.Core", "CollidersDebug.Core\CollidersDebug.Core.shproj", "{3B3C7451-90B2-4092-BDEE-5B8AB8F50501}"
EndProject
Project("{FAE04EC0-301F-11D3-BF4B-00C04F79EFBC}") = "CollidersDebug.KK", "CollidersDebug.KK\CollidersDebug.KK.csproj", "{5F8EBCF4-40DD-430D-88E0-16FB47336638}"
EndProject
Global
	GlobalSection(SharedMSBuildProjectFiles) = preSolution
		UIUtility\UIUtility.projitems*{074e95d7-3b9a-4cd9-b1b6-6f7273d400a4}*SharedItemsImports = 13
		ToolBox\ToolBox.projitems*{087d164b-3816-4884-9fa7-d5810a89f5e0}*SharedItemsImports = 4
		VideoExport.Core\VideoExport.Core.projitems*{087d164b-3816-4884-9fa7-d5810a89f5e0}*SharedItemsImports = 4
		Timeline.Core\Timeline.Core.projitems*{0e8a5a0b-d464-4950-ba76-e23f4f74fcfd}*SharedItemsImports = 4
		ToolBox\ToolBox.projitems*{0e8a5a0b-d464-4950-ba76-e23f4f74fcfd}*SharedItemsImports = 4
		UIUtility\UIUtility.projitems*{0e8a5a0b-d464-4950-ba76-e23f4f74fcfd}*SharedItemsImports = 4
		Core.PoseEditor\Core.PoseEditor.projitems*{18698bc1-fb52-4a36-9984-22a739269c83}*SharedItemsImports = 4
		ToolBox\ToolBox.projitems*{18698bc1-fb52-4a36-9984-22a739269c83}*SharedItemsImports = 4
		UIUtility\UIUtility.projitems*{18698bc1-fb52-4a36-9984-22a739269c83}*SharedItemsImports = 4
		Core.PoseEditor\Core.PoseEditor.projitems*{19bf99c1-720f-41f4-a241-eb4cf589e6ad}*SharedItemsImports = 4
		ToolBox\ToolBox.projitems*{19bf99c1-720f-41f4-a241-eb4cf589e6ad}*SharedItemsImports = 4
		UIUtility\UIUtility.projitems*{19bf99c1-720f-41f4-a241-eb4cf589e6ad}*SharedItemsImports = 4
		Core.PoseEditor\Core.PoseEditor.projitems*{22d768d0-1405-453d-80aa-e91d1b0eb956}*SharedItemsImports = 4
		ToolBox\ToolBox.projitems*{22d768d0-1405-453d-80aa-e91d1b0eb956}*SharedItemsImports = 4
		UIUtility\UIUtility.projitems*{22d768d0-1405-453d-80aa-e91d1b0eb956}*SharedItemsImports = 4
		VideoExport.Core\VideoExport.Core.projitems*{27d7086f-b9a7-43e6-a4fd-dbda2b5c5375}*SharedItemsImports = 13
		ToolBox\ToolBox.projitems*{2e566206-cb55-49b1-9d60-6182d596292f}*SharedItemsImports = 4
		UIUtility\UIUtility.projitems*{2e566206-cb55-49b1-9d60-6182d596292f}*SharedItemsImports = 4
		UsefulStuff.Core\UsefulStuff.Core.projitems*{2e566206-cb55-49b1-9d60-6182d596292f}*SharedItemsImports = 4
		ToolBox\ToolBox.projitems*{34a5e7ce-5612-4fee-8290-2c4290363a40}*SharedItemsImports = 13
		Timeline.Core\Timeline.Core.projitems*{34f37ca2-ada1-41d8-9aaa-cb9e67514373}*SharedItemsImports = 4
		ToolBox\ToolBox.projitems*{34f37ca2-ada1-41d8-9aaa-cb9e67514373}*SharedItemsImports = 4
		UIUtility\UIUtility.projitems*{34f37ca2-ada1-41d8-9aaa-cb9e67514373}*SharedItemsImports = 4
		Timeline.Core\Timeline.Core.projitems*{3978aea2-bfcb-43c1-a909-921290587540}*SharedItemsImports = 4
		ToolBox\ToolBox.projitems*{3978aea2-bfcb-43c1-a909-921290587540}*SharedItemsImports = 4
		UIUtility\UIUtility.projitems*{3978aea2-bfcb-43c1-a909-921290587540}*SharedItemsImports = 4
		CollidersDebug.Core\CollidersDebug.Core.projitems*{3b3c7451-90b2-4092-bdee-5b8ab8f50501}*SharedItemsImports = 13
		NodesConstraints.Core\NodesConstraints.Core.projitems*{4789548f-9126-4881-ad87-a5a68628062d}*SharedItemsImports = 13
		Core.PoseEditor\Core.PoseEditor.projitems*{5e38f4cc-f411-4532-8361-46543715c48b}*SharedItemsImports = 4
		ToolBox\ToolBox.projitems*{5e38f4cc-f411-4532-8361-46543715c48b}*SharedItemsImports = 4
		UIUtility\UIUtility.projitems*{5e38f4cc-f411-4532-8361-46543715c48b}*SharedItemsImports = 4
		CollidersDebug.Core\CollidersDebug.Core.projitems*{5f8ebcf4-40dd-430d-88e0-16fb47336638}*SharedItemsImports = 4
		ToolBox\ToolBox.projitems*{5f8ebcf4-40dd-430d-88e0-16fb47336638}*SharedItemsImports = 4
		Core.PoseEditor\Core.PoseEditor.projitems*{607fcc24-1e15-4ff8-a662-21d28fe01671}*SharedItemsImports = 13
		ToolBox\ToolBox.projitems*{73fd7f4c-c9ac-4366-956a-b580675af57b}*SharedItemsImports = 4
		UIUtility\UIUtility.projitems*{73fd7f4c-c9ac-4366-956a-b580675af57b}*SharedItemsImports = 4
		UsefulStuff.Core\UsefulStuff.Core.projitems*{73fd7f4c-c9ac-4366-956a-b580675af57b}*SharedItemsImports = 4
		NodesConstraints.Core\NodesConstraints.Core.projitems*{73fec2f5-225c-4363-984f-746dbab6f6f5}*SharedItemsImports = 4
		ToolBox\ToolBox.projitems*{73fec2f5-225c-4363-984f-746dbab6f6f5}*SharedItemsImports = 4
		Timeline.Core\Timeline.Core.projitems*{7ef020d2-5340-455e-9cdb-466b5a2ced94}*SharedItemsImports = 4
		ToolBox\ToolBox.projitems*{7ef020d2-5340-455e-9cdb-466b5a2ced94}*SharedItemsImports = 4
		UIUtility\UIUtility.projitems*{7ef020d2-5340-455e-9cdb-466b5a2ced94}*SharedItemsImports = 4
		CollidersDebug.Core\CollidersDebug.Core.projitems*{7f202332-0583-4389-8092-a4702f67820d}*SharedItemsImports = 4
		ToolBox\ToolBox.projitems*{7f202332-0583-4389-8092-a4702f67820d}*SharedItemsImports = 4
		ToolBox\ToolBox.projitems*{87fcdd0f-fd4f-48ad-8a0a-56116ebb8bb5}*SharedItemsImports = 4
		VideoExport.Core\VideoExport.Core.projitems*{87fcdd0f-fd4f-48ad-8a0a-56116ebb8bb5}*SharedItemsImports = 4
		ToolBox\ToolBox.projitems*{8d687395-37ec-4632-bfd3-bb9f56ec04b4}*SharedItemsImports = 4
		UIUtility\UIUtility.projitems*{8d687395-37ec-4632-bfd3-bb9f56ec04b4}*SharedItemsImports = 4
		UsefulStuff.Core\UsefulStuff.Core.projitems*{8d687395-37ec-4632-bfd3-bb9f56ec04b4}*SharedItemsImports = 4
		ToolBox\ToolBox.projitems*{8e11fde0-e762-4a16-92c9-48538a21137a}*SharedItemsImports = 4
		UIUtility\UIUtility.projitems*{8e11fde0-e762-4a16-92c9-48538a21137a}*SharedItemsImports = 4
		UsefulStuff.Core\UsefulStuff.Core.projitems*{8e11fde0-e762-4a16-92c9-48538a21137a}*SharedItemsImports = 4
		NodesConstraints.Core\NodesConstraints.Core.projitems*{9e8a6bdf-1100-4b2e-b2f4-69e1c00092af}*SharedItemsImports = 4
		ToolBox\ToolBox.projitems*{9e8a6bdf-1100-4b2e-b2f4-69e1c00092af}*SharedItemsImports = 4
		NodesConstraints.Core\NodesConstraints.Core.projitems*{b0103fd9-f358-405e-98d8-6c408d3f725b}*SharedItemsImports = 4
		ToolBox\ToolBox.projitems*{b0103fd9-f358-405e-98d8-6c408d3f725b}*SharedItemsImports = 4
		UsefulStuff.Core\UsefulStuff.Core.projitems*{b4c7cdd3-b206-478d-b51f-fdc64c815f02}*SharedItemsImports = 13
		NodesConstraints.Core\NodesConstraints.Core.projitems*{c55c162f-0f90-450b-96cc-6021168db63a}*SharedItemsImports = 4
		ToolBox\ToolBox.projitems*{c55c162f-0f90-450b-96cc-6021168db63a}*SharedItemsImports = 4
		ToolBox\ToolBox.projitems*{e0fd10af-2b3b-44a6-8699-31d24b84c551}*SharedItemsImports = 4
		VideoExport.Core\VideoExport.Core.projitems*{e0fd10af-2b3b-44a6-8699-31d24b84c551}*SharedItemsImports = 4
		Timeline.Core\Timeline.Core.projitems*{e9a8dfae-8470-4ab1-b5a6-6f9c9b42a3d7}*SharedItemsImports = 13
		ToolBox\ToolBox.projitems*{fb575d3d-f66e-482f-8447-b5a22b2a14a8}*SharedItemsImports = 4
		VideoExport.Core\VideoExport.Core.projitems*{fb575d3d-f66e-482f-8447-b5a22b2a14a8}*SharedItemsImports = 4
	EndGlobalSection
	GlobalSection(SolutionConfigurationPlatforms) = preSolution
		AI|Any CPU = AI|Any CPU
		Debug|Any CPU = Debug|Any CPU
		EC|Any CPU = EC|Any CPU
		HS|Any CPU = HS|Any CPU
		HS2|Any CPU = HS2|Any CPU
		KOI|Any CPU = KOI|Any CPU
		PH|Any CPU = PH|Any CPU
		Release|Any CPU = Release|Any CPU
	EndGlobalSection
	GlobalSection(ProjectConfigurationPlatforms) = postSolution
		{B6448057-F9C2-4E9C-8E18-09C556CFCB46}.AI|Any CPU.ActiveCfg = AI|Any CPU
		{B6448057-F9C2-4E9C-8E18-09C556CFCB46}.Debug|Any CPU.ActiveCfg = HS|Any CPU
		{B6448057-F9C2-4E9C-8E18-09C556CFCB46}.EC|Any CPU.ActiveCfg = HS2|Any CPU
		{B6448057-F9C2-4E9C-8E18-09C556CFCB46}.EC|Any CPU.Build.0 = HS2|Any CPU
		{B6448057-F9C2-4E9C-8E18-09C556CFCB46}.HS|Any CPU.ActiveCfg = HS|Any CPU
		{B6448057-F9C2-4E9C-8E18-09C556CFCB46}.HS|Any CPU.Build.0 = HS|Any CPU
		{B6448057-F9C2-4E9C-8E18-09C556CFCB46}.HS2|Any CPU.ActiveCfg = HS2|Any CPU
		{B6448057-F9C2-4E9C-8E18-09C556CFCB46}.HS2|Any CPU.Build.0 = HS2|Any CPU
		{B6448057-F9C2-4E9C-8E18-09C556CFCB46}.KOI|Any CPU.ActiveCfg = KOI|Any CPU
		{B6448057-F9C2-4E9C-8E18-09C556CFCB46}.KOI|Any CPU.Build.0 = KOI|Any CPU
		{B6448057-F9C2-4E9C-8E18-09C556CFCB46}.PH|Any CPU.ActiveCfg = PH|Any CPU
		{B6448057-F9C2-4E9C-8E18-09C556CFCB46}.PH|Any CPU.Build.0 = PH|Any CPU
		{B6448057-F9C2-4E9C-8E18-09C556CFCB46}.Release|Any CPU.ActiveCfg = HS|Any CPU
		{3F36532D-F399-4E6C-95D0-4AC7B8C2CA23}.AI|Any CPU.ActiveCfg = HS|Any CPU
		{3F36532D-F399-4E6C-95D0-4AC7B8C2CA23}.Debug|Any CPU.ActiveCfg = HS|Any CPU
		{3F36532D-F399-4E6C-95D0-4AC7B8C2CA23}.EC|Any CPU.ActiveCfg = HS|Any CPU
		{3F36532D-F399-4E6C-95D0-4AC7B8C2CA23}.EC|Any CPU.Build.0 = HS|Any CPU
		{3F36532D-F399-4E6C-95D0-4AC7B8C2CA23}.HS|Any CPU.ActiveCfg = HS|Any CPU
		{3F36532D-F399-4E6C-95D0-4AC7B8C2CA23}.HS|Any CPU.Build.0 = HS|Any CPU
		{3F36532D-F399-4E6C-95D0-4AC7B8C2CA23}.HS2|Any CPU.ActiveCfg = HS|Any CPU
		{3F36532D-F399-4E6C-95D0-4AC7B8C2CA23}.HS2|Any CPU.Build.0 = HS|Any CPU
		{3F36532D-F399-4E6C-95D0-4AC7B8C2CA23}.KOI|Any CPU.ActiveCfg = HS|Any CPU
		{3F36532D-F399-4E6C-95D0-4AC7B8C2CA23}.PH|Any CPU.ActiveCfg = HS|Any CPU
		{3F36532D-F399-4E6C-95D0-4AC7B8C2CA23}.Release|Any CPU.ActiveCfg = HS|Any CPU
		{27695E5F-8D1E-41DC-A81C-1F0C1814627C}.AI|Any CPU.ActiveCfg = PH|Any CPU
		{27695E5F-8D1E-41DC-A81C-1F0C1814627C}.Debug|Any CPU.ActiveCfg = HS|Any CPU
		{27695E5F-8D1E-41DC-A81C-1F0C1814627C}.EC|Any CPU.ActiveCfg = HS|Any CPU
		{27695E5F-8D1E-41DC-A81C-1F0C1814627C}.EC|Any CPU.Build.0 = HS|Any CPU
		{27695E5F-8D1E-41DC-A81C-1F0C1814627C}.HS|Any CPU.ActiveCfg = HS|Any CPU
		{27695E5F-8D1E-41DC-A81C-1F0C1814627C}.HS|Any CPU.Build.0 = HS|Any CPU
		{27695E5F-8D1E-41DC-A81C-1F0C1814627C}.HS2|Any CPU.ActiveCfg = HS|Any CPU
		{27695E5F-8D1E-41DC-A81C-1F0C1814627C}.HS2|Any CPU.Build.0 = HS|Any CPU
		{27695E5F-8D1E-41DC-A81C-1F0C1814627C}.KOI|Any CPU.ActiveCfg = PH|Any CPU
		{27695E5F-8D1E-41DC-A81C-1F0C1814627C}.PH|Any CPU.ActiveCfg = PH|Any CPU
		{27695E5F-8D1E-41DC-A81C-1F0C1814627C}.PH|Any CPU.Build.0 = PH|Any CPU
		{27695E5F-8D1E-41DC-A81C-1F0C1814627C}.Release|Any CPU.ActiveCfg = HS|Any CPU
		{AA7D625F-C599-4B63-81BB-97D4B1F938DF}.AI|Any CPU.ActiveCfg = HS|Any CPU
		{AA7D625F-C599-4B63-81BB-97D4B1F938DF}.Debug|Any CPU.ActiveCfg = HS|Any CPU
		{AA7D625F-C599-4B63-81BB-97D4B1F938DF}.EC|Any CPU.ActiveCfg = HS|Any CPU
		{AA7D625F-C599-4B63-81BB-97D4B1F938DF}.EC|Any CPU.Build.0 = HS|Any CPU
		{AA7D625F-C599-4B63-81BB-97D4B1F938DF}.HS|Any CPU.ActiveCfg = HS|Any CPU
		{AA7D625F-C599-4B63-81BB-97D4B1F938DF}.HS|Any CPU.Build.0 = HS|Any CPU
		{AA7D625F-C599-4B63-81BB-97D4B1F938DF}.HS2|Any CPU.ActiveCfg = HS|Any CPU
		{AA7D625F-C599-4B63-81BB-97D4B1F938DF}.HS2|Any CPU.Build.0 = HS|Any CPU
		{AA7D625F-C599-4B63-81BB-97D4B1F938DF}.KOI|Any CPU.ActiveCfg = HS|Any CPU
		{AA7D625F-C599-4B63-81BB-97D4B1F938DF}.PH|Any CPU.ActiveCfg = HS|Any CPU
		{AA7D625F-C599-4B63-81BB-97D4B1F938DF}.Release|Any CPU.ActiveCfg = HS|Any CPU
		{A7B48165-66A9-49C6-9C99-B24CDFA9501C}.AI|Any CPU.ActiveCfg = AI|Any CPU
		{A7B48165-66A9-49C6-9C99-B24CDFA9501C}.Debug|Any CPU.ActiveCfg = HS|Any CPU
		{A7B48165-66A9-49C6-9C99-B24CDFA9501C}.EC|Any CPU.ActiveCfg = KOI|Any CPU
		{A7B48165-66A9-49C6-9C99-B24CDFA9501C}.EC|Any CPU.Build.0 = KOI|Any CPU
		{A7B48165-66A9-49C6-9C99-B24CDFA9501C}.HS|Any CPU.ActiveCfg = HS|Any CPU
		{A7B48165-66A9-49C6-9C99-B24CDFA9501C}.HS|Any CPU.Build.0 = HS|Any CPU
		{A7B48165-66A9-49C6-9C99-B24CDFA9501C}.HS2|Any CPU.ActiveCfg = HS2|Any CPU
		{A7B48165-66A9-49C6-9C99-B24CDFA9501C}.HS2|Any CPU.Build.0 = HS2|Any CPU
		{A7B48165-66A9-49C6-9C99-B24CDFA9501C}.KOI|Any CPU.ActiveCfg = HS|Any CPU
		{A7B48165-66A9-49C6-9C99-B24CDFA9501C}.KOI|Any CPU.Build.0 = HS|Any CPU
		{A7B48165-66A9-49C6-9C99-B24CDFA9501C}.PH|Any CPU.ActiveCfg = HS|Any CPU
		{A7B48165-66A9-49C6-9C99-B24CDFA9501C}.PH|Any CPU.Build.0 = HS|Any CPU
		{A7B48165-66A9-49C6-9C99-B24CDFA9501C}.Release|Any CPU.ActiveCfg = HS|Any CPU
		{8CB77A1A-2AD1-4087-A709-7C39BBAB2D78}.AI|Any CPU.ActiveCfg = AI|Any CPU
		{8CB77A1A-2AD1-4087-A709-7C39BBAB2D78}.Debug|Any CPU.ActiveCfg = HS|Any CPU
		{8CB77A1A-2AD1-4087-A709-7C39BBAB2D78}.EC|Any CPU.ActiveCfg = KOI|Any CPU
		{8CB77A1A-2AD1-4087-A709-7C39BBAB2D78}.EC|Any CPU.Build.0 = KOI|Any CPU
		{8CB77A1A-2AD1-4087-A709-7C39BBAB2D78}.HS|Any CPU.ActiveCfg = HS|Any CPU
		{8CB77A1A-2AD1-4087-A709-7C39BBAB2D78}.HS|Any CPU.Build.0 = HS|Any CPU
		{8CB77A1A-2AD1-4087-A709-7C39BBAB2D78}.HS2|Any CPU.ActiveCfg = HS|Any CPU
		{8CB77A1A-2AD1-4087-A709-7C39BBAB2D78}.HS2|Any CPU.Build.0 = HS|Any CPU
		{8CB77A1A-2AD1-4087-A709-7C39BBAB2D78}.KOI|Any CPU.ActiveCfg = HS|Any CPU
		{8CB77A1A-2AD1-4087-A709-7C39BBAB2D78}.PH|Any CPU.ActiveCfg = HS|Any CPU
		{8CB77A1A-2AD1-4087-A709-7C39BBAB2D78}.Release|Any CPU.ActiveCfg = HS|Any CPU
		{D2B58411-B5C3-4BC4-A9C1-2FFDED229313}.AI|Any CPU.ActiveCfg = AI|Any CPU
		{D2B58411-B5C3-4BC4-A9C1-2FFDED229313}.Debug|Any CPU.ActiveCfg = KOI|Any CPU
		{D2B58411-B5C3-4BC4-A9C1-2FFDED229313}.EC|Any CPU.ActiveCfg = HS|Any CPU
		{D2B58411-B5C3-4BC4-A9C1-2FFDED229313}.EC|Any CPU.Build.0 = HS|Any CPU
		{D2B58411-B5C3-4BC4-A9C1-2FFDED229313}.HS|Any CPU.ActiveCfg = HS|Any CPU
		{D2B58411-B5C3-4BC4-A9C1-2FFDED229313}.HS|Any CPU.Build.0 = HS|Any CPU
		{D2B58411-B5C3-4BC4-A9C1-2FFDED229313}.HS2|Any CPU.ActiveCfg = HS|Any CPU
		{D2B58411-B5C3-4BC4-A9C1-2FFDED229313}.HS2|Any CPU.Build.0 = HS|Any CPU
		{D2B58411-B5C3-4BC4-A9C1-2FFDED229313}.KOI|Any CPU.ActiveCfg = KOI|Any CPU
		{D2B58411-B5C3-4BC4-A9C1-2FFDED229313}.KOI|Any CPU.Build.0 = KOI|Any CPU
		{D2B58411-B5C3-4BC4-A9C1-2FFDED229313}.PH|Any CPU.ActiveCfg = KOI|Any CPU
		{D2B58411-B5C3-4BC4-A9C1-2FFDED229313}.Release|Any CPU.ActiveCfg = KOI|Any CPU
		{971E90E7-09BA-4FD3-A21D-054C7ABCE1A9}.AI|Any CPU.ActiveCfg = KOI|Any CPU
		{971E90E7-09BA-4FD3-A21D-054C7ABCE1A9}.Debug|Any CPU.ActiveCfg = KOI|Any CPU
		{971E90E7-09BA-4FD3-A21D-054C7ABCE1A9}.EC|Any CPU.ActiveCfg = EC|Any CPU
		{971E90E7-09BA-4FD3-A21D-054C7ABCE1A9}.EC|Any CPU.Build.0 = EC|Any CPU
		{971E90E7-09BA-4FD3-A21D-054C7ABCE1A9}.HS|Any CPU.ActiveCfg = KOI|Any CPU
		{971E90E7-09BA-4FD3-A21D-054C7ABCE1A9}.HS2|Any CPU.ActiveCfg = EC|Any CPU
		{971E90E7-09BA-4FD3-A21D-054C7ABCE1A9}.HS2|Any CPU.Build.0 = EC|Any CPU
		{971E90E7-09BA-4FD3-A21D-054C7ABCE1A9}.KOI|Any CPU.ActiveCfg = KOI|Any CPU
		{971E90E7-09BA-4FD3-A21D-054C7ABCE1A9}.KOI|Any CPU.Build.0 = KOI|Any CPU
		{971E90E7-09BA-4FD3-A21D-054C7ABCE1A9}.PH|Any CPU.ActiveCfg = KOI|Any CPU
		{971E90E7-09BA-4FD3-A21D-054C7ABCE1A9}.Release|Any CPU.ActiveCfg = KOI|Any CPU
		{2929DB12-18C8-4158-A934-43C2FDEEF2F5}.AI|Any CPU.ActiveCfg = AI|Any CPU
		{2929DB12-18C8-4158-A934-43C2FDEEF2F5}.Debug|Any CPU.ActiveCfg = HS|Any CPU
		{2929DB12-18C8-4158-A934-43C2FDEEF2F5}.EC|Any CPU.ActiveCfg = HS|Any CPU
		{2929DB12-18C8-4158-A934-43C2FDEEF2F5}.EC|Any CPU.Build.0 = HS|Any CPU
		{2929DB12-18C8-4158-A934-43C2FDEEF2F5}.HS|Any CPU.ActiveCfg = Release|Any CPU
		{2929DB12-18C8-4158-A934-43C2FDEEF2F5}.HS|Any CPU.Build.0 = Release|Any CPU
		{2929DB12-18C8-4158-A934-43C2FDEEF2F5}.HS2|Any CPU.ActiveCfg = HS|Any CPU
		{2929DB12-18C8-4158-A934-43C2FDEEF2F5}.HS2|Any CPU.Build.0 = HS|Any CPU
		{2929DB12-18C8-4158-A934-43C2FDEEF2F5}.KOI|Any CPU.ActiveCfg = HS|Any CPU
		{2929DB12-18C8-4158-A934-43C2FDEEF2F5}.PH|Any CPU.ActiveCfg = HS|Any CPU
		{2929DB12-18C8-4158-A934-43C2FDEEF2F5}.Release|Any CPU.ActiveCfg = HS|Any CPU
		{FFBA8101-B8B3-427D-9748-9395F3FD7ED7}.AI|Any CPU.ActiveCfg = AI|Any CPU
		{FFBA8101-B8B3-427D-9748-9395F3FD7ED7}.AI|Any CPU.Build.0 = AI|Any CPU
		{FFBA8101-B8B3-427D-9748-9395F3FD7ED7}.Debug|Any CPU.ActiveCfg = HS|Any CPU
		{FFBA8101-B8B3-427D-9748-9395F3FD7ED7}.EC|Any CPU.ActiveCfg = HS2|Any CPU
		{FFBA8101-B8B3-427D-9748-9395F3FD7ED7}.EC|Any CPU.Build.0 = HS2|Any CPU
		{FFBA8101-B8B3-427D-9748-9395F3FD7ED7}.HS|Any CPU.ActiveCfg = HS|Any CPU
		{FFBA8101-B8B3-427D-9748-9395F3FD7ED7}.HS|Any CPU.Build.0 = HS|Any CPU
		{FFBA8101-B8B3-427D-9748-9395F3FD7ED7}.HS2|Any CPU.ActiveCfg = HS2|Any CPU
		{FFBA8101-B8B3-427D-9748-9395F3FD7ED7}.HS2|Any CPU.Build.0 = HS2|Any CPU
		{FFBA8101-B8B3-427D-9748-9395F3FD7ED7}.KOI|Any CPU.ActiveCfg = HS|Any CPU
		{FFBA8101-B8B3-427D-9748-9395F3FD7ED7}.PH|Any CPU.ActiveCfg = HS|Any CPU
		{FFBA8101-B8B3-427D-9748-9395F3FD7ED7}.Release|Any CPU.ActiveCfg = HS|Any CPU
		{1D4EDD68-4D52-4239-B7FC-EB1A482750A4}.AI|Any CPU.ActiveCfg = KOI|Any CPU
		{1D4EDD68-4D52-4239-B7FC-EB1A482750A4}.Debug|Any CPU.ActiveCfg = HS|Any CPU
		{1D4EDD68-4D52-4239-B7FC-EB1A482750A4}.EC|Any CPU.ActiveCfg = HS|Any CPU
		{1D4EDD68-4D52-4239-B7FC-EB1A482750A4}.EC|Any CPU.Build.0 = HS|Any CPU
		{1D4EDD68-4D52-4239-B7FC-EB1A482750A4}.HS|Any CPU.ActiveCfg = HS|Any CPU
		{1D4EDD68-4D52-4239-B7FC-EB1A482750A4}.HS|Any CPU.Build.0 = HS|Any CPU
		{1D4EDD68-4D52-4239-B7FC-EB1A482750A4}.HS2|Any CPU.ActiveCfg = HS|Any CPU
		{1D4EDD68-4D52-4239-B7FC-EB1A482750A4}.HS2|Any CPU.Build.0 = HS|Any CPU
		{1D4EDD68-4D52-4239-B7FC-EB1A482750A4}.KOI|Any CPU.ActiveCfg = KOI|Any CPU
		{1D4EDD68-4D52-4239-B7FC-EB1A482750A4}.PH|Any CPU.ActiveCfg = KOI|Any CPU
		{1D4EDD68-4D52-4239-B7FC-EB1A482750A4}.Release|Any CPU.ActiveCfg = HS|Any CPU
		{50A20BAA-58C0-44E4-B219-770FC90276C1}.AI|Any CPU.ActiveCfg = AI|Any CPU
		{50A20BAA-58C0-44E4-B219-770FC90276C1}.Debug|Any CPU.ActiveCfg = HS|Any CPU
		{50A20BAA-58C0-44E4-B219-770FC90276C1}.EC|Any CPU.ActiveCfg = HS|Any CPU
		{50A20BAA-58C0-44E4-B219-770FC90276C1}.EC|Any CPU.Build.0 = HS|Any CPU
		{50A20BAA-58C0-44E4-B219-770FC90276C1}.HS|Any CPU.ActiveCfg = HS|Any CPU
		{50A20BAA-58C0-44E4-B219-770FC90276C1}.HS|Any CPU.Build.0 = HS|Any CPU
		{50A20BAA-58C0-44E4-B219-770FC90276C1}.HS2|Any CPU.ActiveCfg = HS|Any CPU
		{50A20BAA-58C0-44E4-B219-770FC90276C1}.HS2|Any CPU.Build.0 = HS|Any CPU
		{50A20BAA-58C0-44E4-B219-770FC90276C1}.KOI|Any CPU.ActiveCfg = HS|Any CPU
		{50A20BAA-58C0-44E4-B219-770FC90276C1}.PH|Any CPU.ActiveCfg = HS|Any CPU
		{50A20BAA-58C0-44E4-B219-770FC90276C1}.Release|Any CPU.ActiveCfg = HS|Any CPU
		{38517CA0-3427-413D-8855-98D4A6A44B15}.AI|Any CPU.ActiveCfg = AI|Any CPU
		{38517CA0-3427-413D-8855-98D4A6A44B15}.Debug|Any CPU.ActiveCfg = HS|Any CPU
		{38517CA0-3427-413D-8855-98D4A6A44B15}.EC|Any CPU.ActiveCfg = HS|Any CPU
		{38517CA0-3427-413D-8855-98D4A6A44B15}.EC|Any CPU.Build.0 = HS|Any CPU
		{38517CA0-3427-413D-8855-98D4A6A44B15}.HS|Any CPU.ActiveCfg = HS|Any CPU
		{38517CA0-3427-413D-8855-98D4A6A44B15}.HS|Any CPU.Build.0 = HS|Any CPU
		{38517CA0-3427-413D-8855-98D4A6A44B15}.HS2|Any CPU.ActiveCfg = HS|Any CPU
		{38517CA0-3427-413D-8855-98D4A6A44B15}.HS2|Any CPU.Build.0 = HS|Any CPU
		{38517CA0-3427-413D-8855-98D4A6A44B15}.KOI|Any CPU.ActiveCfg = HS|Any CPU
		{38517CA0-3427-413D-8855-98D4A6A44B15}.PH|Any CPU.ActiveCfg = HS|Any CPU
		{38517CA0-3427-413D-8855-98D4A6A44B15}.Release|Any CPU.ActiveCfg = HS|Any CPU
		{7971486C-3DFE-40CC-BBFE-69962BD35F35}.AI|Any CPU.ActiveCfg = HS|Any CPU
		{7971486C-3DFE-40CC-BBFE-69962BD35F35}.Debug|Any CPU.ActiveCfg = HS|Any CPU
		{7971486C-3DFE-40CC-BBFE-69962BD35F35}.EC|Any CPU.ActiveCfg = HS|Any CPU
		{7971486C-3DFE-40CC-BBFE-69962BD35F35}.EC|Any CPU.Build.0 = HS|Any CPU
		{7971486C-3DFE-40CC-BBFE-69962BD35F35}.HS|Any CPU.ActiveCfg = HS|Any CPU
		{7971486C-3DFE-40CC-BBFE-69962BD35F35}.HS|Any CPU.Build.0 = HS|Any CPU
		{7971486C-3DFE-40CC-BBFE-69962BD35F35}.HS2|Any CPU.ActiveCfg = HS|Any CPU
		{7971486C-3DFE-40CC-BBFE-69962BD35F35}.HS2|Any CPU.Build.0 = HS|Any CPU
		{7971486C-3DFE-40CC-BBFE-69962BD35F35}.KOI|Any CPU.ActiveCfg = HS|Any CPU
		{7971486C-3DFE-40CC-BBFE-69962BD35F35}.PH|Any CPU.ActiveCfg = HS|Any CPU
		{7971486C-3DFE-40CC-BBFE-69962BD35F35}.Release|Any CPU.ActiveCfg = HS|Any CPU
		{7C8D61BF-6F2F-4BF8-A82C-9893ECA1E6F8}.AI|Any CPU.ActiveCfg = AI|Any CPU
		{7C8D61BF-6F2F-4BF8-A82C-9893ECA1E6F8}.AI|Any CPU.Build.0 = AI|Any CPU
		{7C8D61BF-6F2F-4BF8-A82C-9893ECA1E6F8}.Debug|Any CPU.ActiveCfg = AI|Any CPU
		{7C8D61BF-6F2F-4BF8-A82C-9893ECA1E6F8}.EC|Any CPU.ActiveCfg = HS2|Any CPU
		{7C8D61BF-6F2F-4BF8-A82C-9893ECA1E6F8}.EC|Any CPU.Build.0 = HS2|Any CPU
		{7C8D61BF-6F2F-4BF8-A82C-9893ECA1E6F8}.HS|Any CPU.ActiveCfg = AI|Any CPU
		{7C8D61BF-6F2F-4BF8-A82C-9893ECA1E6F8}.HS2|Any CPU.ActiveCfg = HS2|Any CPU
		{7C8D61BF-6F2F-4BF8-A82C-9893ECA1E6F8}.HS2|Any CPU.Build.0 = HS2|Any CPU
		{7C8D61BF-6F2F-4BF8-A82C-9893ECA1E6F8}.KOI|Any CPU.ActiveCfg = AI|Any CPU
		{7C8D61BF-6F2F-4BF8-A82C-9893ECA1E6F8}.PH|Any CPU.ActiveCfg = AI|Any CPU
		{7C8D61BF-6F2F-4BF8-A82C-9893ECA1E6F8}.Release|Any CPU.ActiveCfg = AI|Any CPU
		{22D768D0-1405-453D-80AA-E91D1B0EB956}.AI|Any CPU.ActiveCfg = Debug|Any CPU
		{22D768D0-1405-453D-80AA-E91D1B0EB956}.AI|Any CPU.Build.0 = Debug|Any CPU
		{22D768D0-1405-453D-80AA-E91D1B0EB956}.Debug|Any CPU.ActiveCfg = Debug|Any CPU
		{22D768D0-1405-453D-80AA-E91D1B0EB956}.Debug|Any CPU.Build.0 = Debug|Any CPU
		{22D768D0-1405-453D-80AA-E91D1B0EB956}.EC|Any CPU.ActiveCfg = Release|Any CPU
		{22D768D0-1405-453D-80AA-E91D1B0EB956}.EC|Any CPU.Build.0 = Release|Any CPU
		{22D768D0-1405-453D-80AA-E91D1B0EB956}.HS|Any CPU.ActiveCfg = Debug|Any CPU
		{22D768D0-1405-453D-80AA-E91D1B0EB956}.HS|Any CPU.Build.0 = Debug|Any CPU
		{22D768D0-1405-453D-80AA-E91D1B0EB956}.HS2|Any CPU.ActiveCfg = Release|Any CPU
		{22D768D0-1405-453D-80AA-E91D1B0EB956}.HS2|Any CPU.Build.0 = Release|Any CPU
		{22D768D0-1405-453D-80AA-E91D1B0EB956}.KOI|Any CPU.ActiveCfg = Debug|Any CPU
		{22D768D0-1405-453D-80AA-E91D1B0EB956}.KOI|Any CPU.Build.0 = Debug|Any CPU
		{22D768D0-1405-453D-80AA-E91D1B0EB956}.PH|Any CPU.ActiveCfg = Debug|Any CPU
		{22D768D0-1405-453D-80AA-E91D1B0EB956}.PH|Any CPU.Build.0 = Debug|Any CPU
		{22D768D0-1405-453D-80AA-E91D1B0EB956}.Release|Any CPU.ActiveCfg = Release|Any CPU
		{22D768D0-1405-453D-80AA-E91D1B0EB956}.Release|Any CPU.Build.0 = Release|Any CPU
		{5E38F4CC-F411-4532-8361-46543715C48B}.AI|Any CPU.ActiveCfg = Debug|Any CPU
		{5E38F4CC-F411-4532-8361-46543715C48B}.AI|Any CPU.Build.0 = Debug|Any CPU
		{5E38F4CC-F411-4532-8361-46543715C48B}.Debug|Any CPU.ActiveCfg = Debug|Any CPU
		{5E38F4CC-F411-4532-8361-46543715C48B}.Debug|Any CPU.Build.0 = Debug|Any CPU
		{5E38F4CC-F411-4532-8361-46543715C48B}.EC|Any CPU.ActiveCfg = Release|Any CPU
		{5E38F4CC-F411-4532-8361-46543715C48B}.EC|Any CPU.Build.0 = Release|Any CPU
		{5E38F4CC-F411-4532-8361-46543715C48B}.HS|Any CPU.ActiveCfg = Debug|Any CPU
		{5E38F4CC-F411-4532-8361-46543715C48B}.HS|Any CPU.Build.0 = Debug|Any CPU
		{5E38F4CC-F411-4532-8361-46543715C48B}.HS2|Any CPU.ActiveCfg = Release|Any CPU
		{5E38F4CC-F411-4532-8361-46543715C48B}.HS2|Any CPU.Build.0 = Release|Any CPU
		{5E38F4CC-F411-4532-8361-46543715C48B}.KOI|Any CPU.ActiveCfg = Debug|Any CPU
		{5E38F4CC-F411-4532-8361-46543715C48B}.KOI|Any CPU.Build.0 = Debug|Any CPU
		{5E38F4CC-F411-4532-8361-46543715C48B}.PH|Any CPU.ActiveCfg = Debug|Any CPU
		{5E38F4CC-F411-4532-8361-46543715C48B}.PH|Any CPU.Build.0 = Debug|Any CPU
		{5E38F4CC-F411-4532-8361-46543715C48B}.Release|Any CPU.ActiveCfg = Release|Any CPU
		{5E38F4CC-F411-4532-8361-46543715C48B}.Release|Any CPU.Build.0 = Release|Any CPU
		{C55C162F-0F90-450B-96CC-6021168DB63A}.AI|Any CPU.ActiveCfg = Debug|Any CPU
		{C55C162F-0F90-450B-96CC-6021168DB63A}.AI|Any CPU.Build.0 = Debug|Any CPU
		{C55C162F-0F90-450B-96CC-6021168DB63A}.Debug|Any CPU.ActiveCfg = Debug|Any CPU
		{C55C162F-0F90-450B-96CC-6021168DB63A}.Debug|Any CPU.Build.0 = Debug|Any CPU
		{C55C162F-0F90-450B-96CC-6021168DB63A}.EC|Any CPU.ActiveCfg = Release|Any CPU
		{C55C162F-0F90-450B-96CC-6021168DB63A}.EC|Any CPU.Build.0 = Release|Any CPU
		{C55C162F-0F90-450B-96CC-6021168DB63A}.HS|Any CPU.ActiveCfg = Debug|Any CPU
		{C55C162F-0F90-450B-96CC-6021168DB63A}.HS|Any CPU.Build.0 = Debug|Any CPU
		{C55C162F-0F90-450B-96CC-6021168DB63A}.HS2|Any CPU.ActiveCfg = Release|Any CPU
		{C55C162F-0F90-450B-96CC-6021168DB63A}.HS2|Any CPU.Build.0 = Release|Any CPU
		{C55C162F-0F90-450B-96CC-6021168DB63A}.KOI|Any CPU.ActiveCfg = Debug|Any CPU
		{C55C162F-0F90-450B-96CC-6021168DB63A}.KOI|Any CPU.Build.0 = Debug|Any CPU
		{C55C162F-0F90-450B-96CC-6021168DB63A}.PH|Any CPU.ActiveCfg = Debug|Any CPU
		{C55C162F-0F90-450B-96CC-6021168DB63A}.PH|Any CPU.Build.0 = Debug|Any CPU
		{C55C162F-0F90-450B-96CC-6021168DB63A}.Release|Any CPU.ActiveCfg = Release|Any CPU
		{C55C162F-0F90-450B-96CC-6021168DB63A}.Release|Any CPU.Build.0 = Release|Any CPU
		{73FEC2F5-225C-4363-984F-746DBAB6F6F5}.AI|Any CPU.ActiveCfg = Debug|Any CPU
		{73FEC2F5-225C-4363-984F-746DBAB6F6F5}.AI|Any CPU.Build.0 = Debug|Any CPU
		{73FEC2F5-225C-4363-984F-746DBAB6F6F5}.Debug|Any CPU.ActiveCfg = Debug|Any CPU
		{73FEC2F5-225C-4363-984F-746DBAB6F6F5}.Debug|Any CPU.Build.0 = Debug|Any CPU
		{73FEC2F5-225C-4363-984F-746DBAB6F6F5}.EC|Any CPU.ActiveCfg = Release|Any CPU
		{73FEC2F5-225C-4363-984F-746DBAB6F6F5}.EC|Any CPU.Build.0 = Release|Any CPU
		{73FEC2F5-225C-4363-984F-746DBAB6F6F5}.HS|Any CPU.ActiveCfg = Debug|Any CPU
		{73FEC2F5-225C-4363-984F-746DBAB6F6F5}.HS|Any CPU.Build.0 = Debug|Any CPU
		{73FEC2F5-225C-4363-984F-746DBAB6F6F5}.HS2|Any CPU.ActiveCfg = Release|Any CPU
		{73FEC2F5-225C-4363-984F-746DBAB6F6F5}.HS2|Any CPU.Build.0 = Release|Any CPU
		{73FEC2F5-225C-4363-984F-746DBAB6F6F5}.KOI|Any CPU.ActiveCfg = Debug|Any CPU
		{73FEC2F5-225C-4363-984F-746DBAB6F6F5}.KOI|Any CPU.Build.0 = Debug|Any CPU
		{73FEC2F5-225C-4363-984F-746DBAB6F6F5}.PH|Any CPU.ActiveCfg = Debug|Any CPU
		{73FEC2F5-225C-4363-984F-746DBAB6F6F5}.PH|Any CPU.Build.0 = Debug|Any CPU
		{73FEC2F5-225C-4363-984F-746DBAB6F6F5}.Release|Any CPU.ActiveCfg = Release|Any CPU
		{73FEC2F5-225C-4363-984F-746DBAB6F6F5}.Release|Any CPU.Build.0 = Release|Any CPU
		{3978AEA2-BFCB-43C1-A909-921290587540}.AI|Any CPU.ActiveCfg = Debug|Any CPU
		{3978AEA2-BFCB-43C1-A909-921290587540}.AI|Any CPU.Build.0 = Debug|Any CPU
		{3978AEA2-BFCB-43C1-A909-921290587540}.Debug|Any CPU.ActiveCfg = Debug|Any CPU
		{3978AEA2-BFCB-43C1-A909-921290587540}.Debug|Any CPU.Build.0 = Debug|Any CPU
		{3978AEA2-BFCB-43C1-A909-921290587540}.EC|Any CPU.ActiveCfg = Release|Any CPU
		{3978AEA2-BFCB-43C1-A909-921290587540}.EC|Any CPU.Build.0 = Release|Any CPU
		{3978AEA2-BFCB-43C1-A909-921290587540}.HS|Any CPU.ActiveCfg = Debug|Any CPU
		{3978AEA2-BFCB-43C1-A909-921290587540}.HS|Any CPU.Build.0 = Debug|Any CPU
		{3978AEA2-BFCB-43C1-A909-921290587540}.HS2|Any CPU.ActiveCfg = Release|Any CPU
		{3978AEA2-BFCB-43C1-A909-921290587540}.HS2|Any CPU.Build.0 = Release|Any CPU
		{3978AEA2-BFCB-43C1-A909-921290587540}.KOI|Any CPU.ActiveCfg = Debug|Any CPU
		{3978AEA2-BFCB-43C1-A909-921290587540}.KOI|Any CPU.Build.0 = Debug|Any CPU
		{3978AEA2-BFCB-43C1-A909-921290587540}.PH|Any CPU.ActiveCfg = Debug|Any CPU
		{3978AEA2-BFCB-43C1-A909-921290587540}.PH|Any CPU.Build.0 = Debug|Any CPU
		{3978AEA2-BFCB-43C1-A909-921290587540}.Release|Any CPU.ActiveCfg = Release|Any CPU
		{3978AEA2-BFCB-43C1-A909-921290587540}.Release|Any CPU.Build.0 = Release|Any CPU
		{34F37CA2-ADA1-41D8-9AAA-CB9E67514373}.AI|Any CPU.ActiveCfg = Debug|Any CPU
		{34F37CA2-ADA1-41D8-9AAA-CB9E67514373}.AI|Any CPU.Build.0 = Debug|Any CPU
		{34F37CA2-ADA1-41D8-9AAA-CB9E67514373}.Debug|Any CPU.ActiveCfg = Debug|Any CPU
		{34F37CA2-ADA1-41D8-9AAA-CB9E67514373}.Debug|Any CPU.Build.0 = Debug|Any CPU
		{34F37CA2-ADA1-41D8-9AAA-CB9E67514373}.EC|Any CPU.ActiveCfg = Release|Any CPU
		{34F37CA2-ADA1-41D8-9AAA-CB9E67514373}.EC|Any CPU.Build.0 = Release|Any CPU
		{34F37CA2-ADA1-41D8-9AAA-CB9E67514373}.HS|Any CPU.ActiveCfg = Debug|Any CPU
		{34F37CA2-ADA1-41D8-9AAA-CB9E67514373}.HS|Any CPU.Build.0 = Debug|Any CPU
		{34F37CA2-ADA1-41D8-9AAA-CB9E67514373}.HS2|Any CPU.ActiveCfg = Release|Any CPU
		{34F37CA2-ADA1-41D8-9AAA-CB9E67514373}.HS2|Any CPU.Build.0 = Release|Any CPU
		{34F37CA2-ADA1-41D8-9AAA-CB9E67514373}.KOI|Any CPU.ActiveCfg = Debug|Any CPU
		{34F37CA2-ADA1-41D8-9AAA-CB9E67514373}.KOI|Any CPU.Build.0 = Debug|Any CPU
		{34F37CA2-ADA1-41D8-9AAA-CB9E67514373}.PH|Any CPU.ActiveCfg = Debug|Any CPU
		{34F37CA2-ADA1-41D8-9AAA-CB9E67514373}.PH|Any CPU.Build.0 = Debug|Any CPU
		{34F37CA2-ADA1-41D8-9AAA-CB9E67514373}.Release|Any CPU.ActiveCfg = Release|Any CPU
		{34F37CA2-ADA1-41D8-9AAA-CB9E67514373}.Release|Any CPU.Build.0 = Release|Any CPU
		{8D687395-37EC-4632-BFD3-BB9F56EC04B4}.AI|Any CPU.ActiveCfg = Debug|Any CPU
		{8D687395-37EC-4632-BFD3-BB9F56EC04B4}.AI|Any CPU.Build.0 = Debug|Any CPU
		{8D687395-37EC-4632-BFD3-BB9F56EC04B4}.Debug|Any CPU.ActiveCfg = Debug|Any CPU
		{8D687395-37EC-4632-BFD3-BB9F56EC04B4}.Debug|Any CPU.Build.0 = Debug|Any CPU
		{8D687395-37EC-4632-BFD3-BB9F56EC04B4}.EC|Any CPU.ActiveCfg = Release|Any CPU
		{8D687395-37EC-4632-BFD3-BB9F56EC04B4}.EC|Any CPU.Build.0 = Release|Any CPU
		{8D687395-37EC-4632-BFD3-BB9F56EC04B4}.HS|Any CPU.ActiveCfg = Debug|Any CPU
		{8D687395-37EC-4632-BFD3-BB9F56EC04B4}.HS|Any CPU.Build.0 = Debug|Any CPU
		{8D687395-37EC-4632-BFD3-BB9F56EC04B4}.HS2|Any CPU.ActiveCfg = Release|Any CPU
		{8D687395-37EC-4632-BFD3-BB9F56EC04B4}.HS2|Any CPU.Build.0 = Release|Any CPU
		{8D687395-37EC-4632-BFD3-BB9F56EC04B4}.KOI|Any CPU.ActiveCfg = Debug|Any CPU
		{8D687395-37EC-4632-BFD3-BB9F56EC04B4}.KOI|Any CPU.Build.0 = Debug|Any CPU
		{8D687395-37EC-4632-BFD3-BB9F56EC04B4}.PH|Any CPU.ActiveCfg = Debug|Any CPU
		{8D687395-37EC-4632-BFD3-BB9F56EC04B4}.PH|Any CPU.Build.0 = Debug|Any CPU
		{8D687395-37EC-4632-BFD3-BB9F56EC04B4}.Release|Any CPU.ActiveCfg = Release|Any CPU
		{8D687395-37EC-4632-BFD3-BB9F56EC04B4}.Release|Any CPU.Build.0 = Release|Any CPU
		{2E566206-CB55-49B1-9D60-6182D596292F}.AI|Any CPU.ActiveCfg = Debug|Any CPU
		{2E566206-CB55-49B1-9D60-6182D596292F}.AI|Any CPU.Build.0 = Debug|Any CPU
		{2E566206-CB55-49B1-9D60-6182D596292F}.Debug|Any CPU.ActiveCfg = Debug|Any CPU
		{2E566206-CB55-49B1-9D60-6182D596292F}.Debug|Any CPU.Build.0 = Debug|Any CPU
		{2E566206-CB55-49B1-9D60-6182D596292F}.EC|Any CPU.ActiveCfg = Release|Any CPU
		{2E566206-CB55-49B1-9D60-6182D596292F}.EC|Any CPU.Build.0 = Release|Any CPU
		{2E566206-CB55-49B1-9D60-6182D596292F}.HS|Any CPU.ActiveCfg = Debug|Any CPU
		{2E566206-CB55-49B1-9D60-6182D596292F}.HS|Any CPU.Build.0 = Debug|Any CPU
		{2E566206-CB55-49B1-9D60-6182D596292F}.HS2|Any CPU.ActiveCfg = Release|Any CPU
		{2E566206-CB55-49B1-9D60-6182D596292F}.HS2|Any CPU.Build.0 = Release|Any CPU
		{2E566206-CB55-49B1-9D60-6182D596292F}.KOI|Any CPU.ActiveCfg = Debug|Any CPU
		{2E566206-CB55-49B1-9D60-6182D596292F}.KOI|Any CPU.Build.0 = Debug|Any CPU
		{2E566206-CB55-49B1-9D60-6182D596292F}.PH|Any CPU.ActiveCfg = Debug|Any CPU
		{2E566206-CB55-49B1-9D60-6182D596292F}.PH|Any CPU.Build.0 = Debug|Any CPU
		{2E566206-CB55-49B1-9D60-6182D596292F}.Release|Any CPU.ActiveCfg = Release|Any CPU
		{2E566206-CB55-49B1-9D60-6182D596292F}.Release|Any CPU.Build.0 = Release|Any CPU
		{18698BC1-FB52-4A36-9984-22A739269C83}.AI|Any CPU.ActiveCfg = Debug|Any CPU
		{18698BC1-FB52-4A36-9984-22A739269C83}.AI|Any CPU.Build.0 = Debug|Any CPU
		{18698BC1-FB52-4A36-9984-22A739269C83}.Debug|Any CPU.ActiveCfg = Debug|Any CPU
		{18698BC1-FB52-4A36-9984-22A739269C83}.Debug|Any CPU.Build.0 = Debug|Any CPU
		{18698BC1-FB52-4A36-9984-22A739269C83}.EC|Any CPU.ActiveCfg = Release|Any CPU
		{18698BC1-FB52-4A36-9984-22A739269C83}.EC|Any CPU.Build.0 = Release|Any CPU
		{18698BC1-FB52-4A36-9984-22A739269C83}.HS|Any CPU.ActiveCfg = Debug|Any CPU
		{18698BC1-FB52-4A36-9984-22A739269C83}.HS|Any CPU.Build.0 = Debug|Any CPU
		{18698BC1-FB52-4A36-9984-22A739269C83}.HS2|Any CPU.ActiveCfg = Release|Any CPU
		{18698BC1-FB52-4A36-9984-22A739269C83}.HS2|Any CPU.Build.0 = Release|Any CPU
		{18698BC1-FB52-4A36-9984-22A739269C83}.KOI|Any CPU.ActiveCfg = Debug|Any CPU
		{18698BC1-FB52-4A36-9984-22A739269C83}.KOI|Any CPU.Build.0 = Debug|Any CPU
		{18698BC1-FB52-4A36-9984-22A739269C83}.PH|Any CPU.ActiveCfg = Debug|Any CPU
		{18698BC1-FB52-4A36-9984-22A739269C83}.PH|Any CPU.Build.0 = Debug|Any CPU
		{18698BC1-FB52-4A36-9984-22A739269C83}.Release|Any CPU.ActiveCfg = Release|Any CPU
		{18698BC1-FB52-4A36-9984-22A739269C83}.Release|Any CPU.Build.0 = Release|Any CPU
		{19BF99C1-720F-41F4-A241-EB4CF589E6AD}.AI|Any CPU.ActiveCfg = Debug|Any CPU
		{19BF99C1-720F-41F4-A241-EB4CF589E6AD}.AI|Any CPU.Build.0 = Debug|Any CPU
		{19BF99C1-720F-41F4-A241-EB4CF589E6AD}.Debug|Any CPU.ActiveCfg = Debug|Any CPU
		{19BF99C1-720F-41F4-A241-EB4CF589E6AD}.Debug|Any CPU.Build.0 = Debug|Any CPU
		{19BF99C1-720F-41F4-A241-EB4CF589E6AD}.EC|Any CPU.ActiveCfg = Release|Any CPU
		{19BF99C1-720F-41F4-A241-EB4CF589E6AD}.EC|Any CPU.Build.0 = Release|Any CPU
		{19BF99C1-720F-41F4-A241-EB4CF589E6AD}.HS|Any CPU.ActiveCfg = Debug|Any CPU
		{19BF99C1-720F-41F4-A241-EB4CF589E6AD}.HS|Any CPU.Build.0 = Debug|Any CPU
		{19BF99C1-720F-41F4-A241-EB4CF589E6AD}.HS2|Any CPU.ActiveCfg = Release|Any CPU
		{19BF99C1-720F-41F4-A241-EB4CF589E6AD}.HS2|Any CPU.Build.0 = Release|Any CPU
		{19BF99C1-720F-41F4-A241-EB4CF589E6AD}.KOI|Any CPU.ActiveCfg = Debug|Any CPU
		{19BF99C1-720F-41F4-A241-EB4CF589E6AD}.KOI|Any CPU.Build.0 = Debug|Any CPU
		{19BF99C1-720F-41F4-A241-EB4CF589E6AD}.PH|Any CPU.ActiveCfg = Debug|Any CPU
		{19BF99C1-720F-41F4-A241-EB4CF589E6AD}.PH|Any CPU.Build.0 = Debug|Any CPU
		{19BF99C1-720F-41F4-A241-EB4CF589E6AD}.Release|Any CPU.ActiveCfg = Release|Any CPU
		{19BF99C1-720F-41F4-A241-EB4CF589E6AD}.Release|Any CPU.Build.0 = Release|Any CPU
		{7EF020D2-5340-455E-9CDB-466B5A2CED94}.AI|Any CPU.ActiveCfg = Debug|Any CPU
		{7EF020D2-5340-455E-9CDB-466B5A2CED94}.AI|Any CPU.Build.0 = Debug|Any CPU
		{7EF020D2-5340-455E-9CDB-466B5A2CED94}.Debug|Any CPU.ActiveCfg = Debug|Any CPU
		{7EF020D2-5340-455E-9CDB-466B5A2CED94}.Debug|Any CPU.Build.0 = Debug|Any CPU
		{7EF020D2-5340-455E-9CDB-466B5A2CED94}.EC|Any CPU.ActiveCfg = Release|Any CPU
		{7EF020D2-5340-455E-9CDB-466B5A2CED94}.EC|Any CPU.Build.0 = Release|Any CPU
		{7EF020D2-5340-455E-9CDB-466B5A2CED94}.HS|Any CPU.ActiveCfg = Debug|Any CPU
		{7EF020D2-5340-455E-9CDB-466B5A2CED94}.HS|Any CPU.Build.0 = Debug|Any CPU
		{7EF020D2-5340-455E-9CDB-466B5A2CED94}.HS2|Any CPU.ActiveCfg = Release|Any CPU
		{7EF020D2-5340-455E-9CDB-466B5A2CED94}.HS2|Any CPU.Build.0 = Release|Any CPU
		{7EF020D2-5340-455E-9CDB-466B5A2CED94}.KOI|Any CPU.ActiveCfg = Debug|Any CPU
		{7EF020D2-5340-455E-9CDB-466B5A2CED94}.KOI|Any CPU.Build.0 = Debug|Any CPU
		{7EF020D2-5340-455E-9CDB-466B5A2CED94}.PH|Any CPU.ActiveCfg = Debug|Any CPU
		{7EF020D2-5340-455E-9CDB-466B5A2CED94}.PH|Any CPU.Build.0 = Debug|Any CPU
		{7EF020D2-5340-455E-9CDB-466B5A2CED94}.Release|Any CPU.ActiveCfg = Release|Any CPU
		{7EF020D2-5340-455E-9CDB-466B5A2CED94}.Release|Any CPU.Build.0 = Release|Any CPU
		{0E8A5A0B-D464-4950-BA76-E23F4F74FCFD}.AI|Any CPU.ActiveCfg = Debug|Any CPU
		{0E8A5A0B-D464-4950-BA76-E23F4F74FCFD}.AI|Any CPU.Build.0 = Debug|Any CPU
		{0E8A5A0B-D464-4950-BA76-E23F4F74FCFD}.Debug|Any CPU.ActiveCfg = Debug|Any CPU
		{0E8A5A0B-D464-4950-BA76-E23F4F74FCFD}.Debug|Any CPU.Build.0 = Debug|Any CPU
		{0E8A5A0B-D464-4950-BA76-E23F4F74FCFD}.EC|Any CPU.ActiveCfg = Release|Any CPU
		{0E8A5A0B-D464-4950-BA76-E23F4F74FCFD}.EC|Any CPU.Build.0 = Release|Any CPU
		{0E8A5A0B-D464-4950-BA76-E23F4F74FCFD}.HS|Any CPU.ActiveCfg = Debug|Any CPU
		{0E8A5A0B-D464-4950-BA76-E23F4F74FCFD}.HS|Any CPU.Build.0 = Debug|Any CPU
		{0E8A5A0B-D464-4950-BA76-E23F4F74FCFD}.HS2|Any CPU.ActiveCfg = Release|Any CPU
		{0E8A5A0B-D464-4950-BA76-E23F4F74FCFD}.HS2|Any CPU.Build.0 = Release|Any CPU
		{0E8A5A0B-D464-4950-BA76-E23F4F74FCFD}.KOI|Any CPU.ActiveCfg = Debug|Any CPU
		{0E8A5A0B-D464-4950-BA76-E23F4F74FCFD}.KOI|Any CPU.Build.0 = Debug|Any CPU
		{0E8A5A0B-D464-4950-BA76-E23F4F74FCFD}.PH|Any CPU.ActiveCfg = Debug|Any CPU
		{0E8A5A0B-D464-4950-BA76-E23F4F74FCFD}.PH|Any CPU.Build.0 = Debug|Any CPU
		{0E8A5A0B-D464-4950-BA76-E23F4F74FCFD}.Release|Any CPU.ActiveCfg = Release|Any CPU
		{0E8A5A0B-D464-4950-BA76-E23F4F74FCFD}.Release|Any CPU.Build.0 = Release|Any CPU
		{B0103FD9-F358-405E-98D8-6C408D3F725B}.AI|Any CPU.ActiveCfg = Debug|Any CPU
		{B0103FD9-F358-405E-98D8-6C408D3F725B}.AI|Any CPU.Build.0 = Debug|Any CPU
		{B0103FD9-F358-405E-98D8-6C408D3F725B}.Debug|Any CPU.ActiveCfg = Debug|Any CPU
		{B0103FD9-F358-405E-98D8-6C408D3F725B}.Debug|Any CPU.Build.0 = Debug|Any CPU
		{B0103FD9-F358-405E-98D8-6C408D3F725B}.EC|Any CPU.ActiveCfg = Release|Any CPU
		{B0103FD9-F358-405E-98D8-6C408D3F725B}.EC|Any CPU.Build.0 = Release|Any CPU
		{B0103FD9-F358-405E-98D8-6C408D3F725B}.HS|Any CPU.ActiveCfg = Debug|Any CPU
		{B0103FD9-F358-405E-98D8-6C408D3F725B}.HS|Any CPU.Build.0 = Debug|Any CPU
		{B0103FD9-F358-405E-98D8-6C408D3F725B}.HS2|Any CPU.ActiveCfg = Release|Any CPU
		{B0103FD9-F358-405E-98D8-6C408D3F725B}.HS2|Any CPU.Build.0 = Release|Any CPU
		{B0103FD9-F358-405E-98D8-6C408D3F725B}.KOI|Any CPU.ActiveCfg = Debug|Any CPU
		{B0103FD9-F358-405E-98D8-6C408D3F725B}.KOI|Any CPU.Build.0 = Debug|Any CPU
		{B0103FD9-F358-405E-98D8-6C408D3F725B}.PH|Any CPU.ActiveCfg = Debug|Any CPU
		{B0103FD9-F358-405E-98D8-6C408D3F725B}.PH|Any CPU.Build.0 = Debug|Any CPU
		{B0103FD9-F358-405E-98D8-6C408D3F725B}.Release|Any CPU.ActiveCfg = Release|Any CPU
		{B0103FD9-F358-405E-98D8-6C408D3F725B}.Release|Any CPU.Build.0 = Release|Any CPU
		{9E8A6BDF-1100-4B2E-B2F4-69E1C00092AF}.AI|Any CPU.ActiveCfg = Debug|Any CPU
		{9E8A6BDF-1100-4B2E-B2F4-69E1C00092AF}.AI|Any CPU.Build.0 = Debug|Any CPU
		{9E8A6BDF-1100-4B2E-B2F4-69E1C00092AF}.Debug|Any CPU.ActiveCfg = Debug|Any CPU
		{9E8A6BDF-1100-4B2E-B2F4-69E1C00092AF}.Debug|Any CPU.Build.0 = Debug|Any CPU
		{9E8A6BDF-1100-4B2E-B2F4-69E1C00092AF}.EC|Any CPU.ActiveCfg = Release|Any CPU
		{9E8A6BDF-1100-4B2E-B2F4-69E1C00092AF}.EC|Any CPU.Build.0 = Release|Any CPU
		{9E8A6BDF-1100-4B2E-B2F4-69E1C00092AF}.HS|Any CPU.ActiveCfg = Debug|Any CPU
		{9E8A6BDF-1100-4B2E-B2F4-69E1C00092AF}.HS|Any CPU.Build.0 = Debug|Any CPU
		{9E8A6BDF-1100-4B2E-B2F4-69E1C00092AF}.HS2|Any CPU.ActiveCfg = Release|Any CPU
		{9E8A6BDF-1100-4B2E-B2F4-69E1C00092AF}.HS2|Any CPU.Build.0 = Release|Any CPU
		{9E8A6BDF-1100-4B2E-B2F4-69E1C00092AF}.KOI|Any CPU.ActiveCfg = Debug|Any CPU
		{9E8A6BDF-1100-4B2E-B2F4-69E1C00092AF}.KOI|Any CPU.Build.0 = Debug|Any CPU
		{9E8A6BDF-1100-4B2E-B2F4-69E1C00092AF}.PH|Any CPU.ActiveCfg = Debug|Any CPU
		{9E8A6BDF-1100-4B2E-B2F4-69E1C00092AF}.PH|Any CPU.Build.0 = Debug|Any CPU
		{9E8A6BDF-1100-4B2E-B2F4-69E1C00092AF}.Release|Any CPU.ActiveCfg = Release|Any CPU
		{9E8A6BDF-1100-4B2E-B2F4-69E1C00092AF}.Release|Any CPU.Build.0 = Release|Any CPU
		{8E11FDE0-E762-4A16-92C9-48538A21137A}.AI|Any CPU.ActiveCfg = Debug|Any CPU
		{8E11FDE0-E762-4A16-92C9-48538A21137A}.AI|Any CPU.Build.0 = Debug|Any CPU
		{8E11FDE0-E762-4A16-92C9-48538A21137A}.Debug|Any CPU.ActiveCfg = Debug|Any CPU
		{8E11FDE0-E762-4A16-92C9-48538A21137A}.Debug|Any CPU.Build.0 = Debug|Any CPU
		{8E11FDE0-E762-4A16-92C9-48538A21137A}.EC|Any CPU.ActiveCfg = Release|Any CPU
		{8E11FDE0-E762-4A16-92C9-48538A21137A}.EC|Any CPU.Build.0 = Release|Any CPU
		{8E11FDE0-E762-4A16-92C9-48538A21137A}.HS|Any CPU.ActiveCfg = Debug|Any CPU
		{8E11FDE0-E762-4A16-92C9-48538A21137A}.HS|Any CPU.Build.0 = Debug|Any CPU
		{8E11FDE0-E762-4A16-92C9-48538A21137A}.HS2|Any CPU.ActiveCfg = Release|Any CPU
		{8E11FDE0-E762-4A16-92C9-48538A21137A}.HS2|Any CPU.Build.0 = Release|Any CPU
		{8E11FDE0-E762-4A16-92C9-48538A21137A}.KOI|Any CPU.ActiveCfg = Debug|Any CPU
		{8E11FDE0-E762-4A16-92C9-48538A21137A}.KOI|Any CPU.Build.0 = Debug|Any CPU
		{8E11FDE0-E762-4A16-92C9-48538A21137A}.PH|Any CPU.ActiveCfg = Debug|Any CPU
		{8E11FDE0-E762-4A16-92C9-48538A21137A}.PH|Any CPU.Build.0 = Debug|Any CPU
		{8E11FDE0-E762-4A16-92C9-48538A21137A}.Release|Any CPU.ActiveCfg = Release|Any CPU
		{8E11FDE0-E762-4A16-92C9-48538A21137A}.Release|Any CPU.Build.0 = Release|Any CPU
		{73FD7F4C-C9AC-4366-956A-B580675AF57B}.AI|Any CPU.ActiveCfg = Debug|Any CPU
		{73FD7F4C-C9AC-4366-956A-B580675AF57B}.AI|Any CPU.Build.0 = Debug|Any CPU
		{73FD7F4C-C9AC-4366-956A-B580675AF57B}.Debug|Any CPU.ActiveCfg = Debug|Any CPU
		{73FD7F4C-C9AC-4366-956A-B580675AF57B}.Debug|Any CPU.Build.0 = Debug|Any CPU
		{73FD7F4C-C9AC-4366-956A-B580675AF57B}.EC|Any CPU.ActiveCfg = Release|Any CPU
		{73FD7F4C-C9AC-4366-956A-B580675AF57B}.EC|Any CPU.Build.0 = Release|Any CPU
		{73FD7F4C-C9AC-4366-956A-B580675AF57B}.HS|Any CPU.ActiveCfg = Debug|Any CPU
		{73FD7F4C-C9AC-4366-956A-B580675AF57B}.HS|Any CPU.Build.0 = Debug|Any CPU
		{73FD7F4C-C9AC-4366-956A-B580675AF57B}.HS2|Any CPU.ActiveCfg = Release|Any CPU
		{73FD7F4C-C9AC-4366-956A-B580675AF57B}.HS2|Any CPU.Build.0 = Release|Any CPU
		{73FD7F4C-C9AC-4366-956A-B580675AF57B}.KOI|Any CPU.ActiveCfg = Debug|Any CPU
		{73FD7F4C-C9AC-4366-956A-B580675AF57B}.KOI|Any CPU.Build.0 = Debug|Any CPU
		{73FD7F4C-C9AC-4366-956A-B580675AF57B}.PH|Any CPU.ActiveCfg = Debug|Any CPU
		{73FD7F4C-C9AC-4366-956A-B580675AF57B}.PH|Any CPU.Build.0 = Debug|Any CPU
		{73FD7F4C-C9AC-4366-956A-B580675AF57B}.Release|Any CPU.ActiveCfg = Release|Any CPU
		{73FD7F4C-C9AC-4366-956A-B580675AF57B}.Release|Any CPU.Build.0 = Release|Any CPU
		{FB575D3D-F66E-482F-8447-B5A22B2A14A8}.AI|Any CPU.ActiveCfg = Debug|Any CPU
		{FB575D3D-F66E-482F-8447-B5A22B2A14A8}.AI|Any CPU.Build.0 = Debug|Any CPU
		{FB575D3D-F66E-482F-8447-B5A22B2A14A8}.Debug|Any CPU.ActiveCfg = Debug|Any CPU
		{FB575D3D-F66E-482F-8447-B5A22B2A14A8}.Debug|Any CPU.Build.0 = Debug|Any CPU
		{FB575D3D-F66E-482F-8447-B5A22B2A14A8}.EC|Any CPU.ActiveCfg = Release|Any CPU
		{FB575D3D-F66E-482F-8447-B5A22B2A14A8}.EC|Any CPU.Build.0 = Release|Any CPU
		{FB575D3D-F66E-482F-8447-B5A22B2A14A8}.HS|Any CPU.ActiveCfg = Debug|Any CPU
		{FB575D3D-F66E-482F-8447-B5A22B2A14A8}.HS|Any CPU.Build.0 = Debug|Any CPU
		{FB575D3D-F66E-482F-8447-B5A22B2A14A8}.HS2|Any CPU.ActiveCfg = Release|Any CPU
		{FB575D3D-F66E-482F-8447-B5A22B2A14A8}.HS2|Any CPU.Build.0 = Release|Any CPU
		{FB575D3D-F66E-482F-8447-B5A22B2A14A8}.KOI|Any CPU.ActiveCfg = Debug|Any CPU
		{FB575D3D-F66E-482F-8447-B5A22B2A14A8}.KOI|Any CPU.Build.0 = Debug|Any CPU
		{FB575D3D-F66E-482F-8447-B5A22B2A14A8}.PH|Any CPU.ActiveCfg = Debug|Any CPU
		{FB575D3D-F66E-482F-8447-B5A22B2A14A8}.PH|Any CPU.Build.0 = Debug|Any CPU
		{FB575D3D-F66E-482F-8447-B5A22B2A14A8}.Release|Any CPU.ActiveCfg = Release|Any CPU
		{FB575D3D-F66E-482F-8447-B5A22B2A14A8}.Release|Any CPU.Build.0 = Release|Any CPU
		{87FCDD0F-FD4F-48AD-8A0A-56116EBB8BB5}.AI|Any CPU.ActiveCfg = Debug|Any CPU
		{87FCDD0F-FD4F-48AD-8A0A-56116EBB8BB5}.AI|Any CPU.Build.0 = Debug|Any CPU
		{87FCDD0F-FD4F-48AD-8A0A-56116EBB8BB5}.Debug|Any CPU.ActiveCfg = Debug|Any CPU
		{87FCDD0F-FD4F-48AD-8A0A-56116EBB8BB5}.Debug|Any CPU.Build.0 = Debug|Any CPU
		{87FCDD0F-FD4F-48AD-8A0A-56116EBB8BB5}.EC|Any CPU.ActiveCfg = Release|Any CPU
		{87FCDD0F-FD4F-48AD-8A0A-56116EBB8BB5}.EC|Any CPU.Build.0 = Release|Any CPU
		{87FCDD0F-FD4F-48AD-8A0A-56116EBB8BB5}.HS|Any CPU.ActiveCfg = Debug|Any CPU
		{87FCDD0F-FD4F-48AD-8A0A-56116EBB8BB5}.HS|Any CPU.Build.0 = Debug|Any CPU
		{87FCDD0F-FD4F-48AD-8A0A-56116EBB8BB5}.HS2|Any CPU.ActiveCfg = Release|Any CPU
		{87FCDD0F-FD4F-48AD-8A0A-56116EBB8BB5}.HS2|Any CPU.Build.0 = Release|Any CPU
		{87FCDD0F-FD4F-48AD-8A0A-56116EBB8BB5}.KOI|Any CPU.ActiveCfg = Debug|Any CPU
		{87FCDD0F-FD4F-48AD-8A0A-56116EBB8BB5}.KOI|Any CPU.Build.0 = Debug|Any CPU
		{87FCDD0F-FD4F-48AD-8A0A-56116EBB8BB5}.PH|Any CPU.ActiveCfg = Debug|Any CPU
		{87FCDD0F-FD4F-48AD-8A0A-56116EBB8BB5}.PH|Any CPU.Build.0 = Debug|Any CPU
		{87FCDD0F-FD4F-48AD-8A0A-56116EBB8BB5}.Release|Any CPU.ActiveCfg = Release|Any CPU
		{87FCDD0F-FD4F-48AD-8A0A-56116EBB8BB5}.Release|Any CPU.Build.0 = Release|Any CPU
		{E0FD10AF-2B3B-44A6-8699-31D24B84C551}.AI|Any CPU.ActiveCfg = Debug|Any CPU
		{E0FD10AF-2B3B-44A6-8699-31D24B84C551}.AI|Any CPU.Build.0 = Debug|Any CPU
		{E0FD10AF-2B3B-44A6-8699-31D24B84C551}.Debug|Any CPU.ActiveCfg = Debug|Any CPU
		{E0FD10AF-2B3B-44A6-8699-31D24B84C551}.Debug|Any CPU.Build.0 = Debug|Any CPU
		{E0FD10AF-2B3B-44A6-8699-31D24B84C551}.EC|Any CPU.ActiveCfg = Release|Any CPU
		{E0FD10AF-2B3B-44A6-8699-31D24B84C551}.EC|Any CPU.Build.0 = Release|Any CPU
		{E0FD10AF-2B3B-44A6-8699-31D24B84C551}.HS|Any CPU.ActiveCfg = Debug|Any CPU
		{E0FD10AF-2B3B-44A6-8699-31D24B84C551}.HS|Any CPU.Build.0 = Debug|Any CPU
		{E0FD10AF-2B3B-44A6-8699-31D24B84C551}.HS2|Any CPU.ActiveCfg = Release|Any CPU
		{E0FD10AF-2B3B-44A6-8699-31D24B84C551}.HS2|Any CPU.Build.0 = Release|Any CPU
		{E0FD10AF-2B3B-44A6-8699-31D24B84C551}.KOI|Any CPU.ActiveCfg = Debug|Any CPU
		{E0FD10AF-2B3B-44A6-8699-31D24B84C551}.KOI|Any CPU.Build.0 = Debug|Any CPU
		{E0FD10AF-2B3B-44A6-8699-31D24B84C551}.PH|Any CPU.ActiveCfg = Debug|Any CPU
		{E0FD10AF-2B3B-44A6-8699-31D24B84C551}.PH|Any CPU.Build.0 = Debug|Any CPU
		{E0FD10AF-2B3B-44A6-8699-31D24B84C551}.Release|Any CPU.ActiveCfg = Release|Any CPU
		{E0FD10AF-2B3B-44A6-8699-31D24B84C551}.Release|Any CPU.Build.0 = Release|Any CPU
		{087D164B-3816-4884-9FA7-D5810A89F5E0}.AI|Any CPU.ActiveCfg = Debug|Any CPU
		{087D164B-3816-4884-9FA7-D5810A89F5E0}.AI|Any CPU.Build.0 = Debug|Any CPU
		{087D164B-3816-4884-9FA7-D5810A89F5E0}.Debug|Any CPU.ActiveCfg = Debug|Any CPU
		{087D164B-3816-4884-9FA7-D5810A89F5E0}.Debug|Any CPU.Build.0 = Debug|Any CPU
		{087D164B-3816-4884-9FA7-D5810A89F5E0}.EC|Any CPU.ActiveCfg = Release|Any CPU
		{087D164B-3816-4884-9FA7-D5810A89F5E0}.EC|Any CPU.Build.0 = Release|Any CPU
		{087D164B-3816-4884-9FA7-D5810A89F5E0}.HS|Any CPU.ActiveCfg = Debug|Any CPU
		{087D164B-3816-4884-9FA7-D5810A89F5E0}.HS|Any CPU.Build.0 = Debug|Any CPU
		{087D164B-3816-4884-9FA7-D5810A89F5E0}.HS2|Any CPU.ActiveCfg = Release|Any CPU
		{087D164B-3816-4884-9FA7-D5810A89F5E0}.HS2|Any CPU.Build.0 = Release|Any CPU
		{087D164B-3816-4884-9FA7-D5810A89F5E0}.KOI|Any CPU.ActiveCfg = Debug|Any CPU
		{087D164B-3816-4884-9FA7-D5810A89F5E0}.KOI|Any CPU.Build.0 = Debug|Any CPU
		{087D164B-3816-4884-9FA7-D5810A89F5E0}.PH|Any CPU.ActiveCfg = Debug|Any CPU
		{087D164B-3816-4884-9FA7-D5810A89F5E0}.PH|Any CPU.Build.0 = Debug|Any CPU
		{087D164B-3816-4884-9FA7-D5810A89F5E0}.Release|Any CPU.ActiveCfg = Release|Any CPU
		{087D164B-3816-4884-9FA7-D5810A89F5E0}.Release|Any CPU.Build.0 = Release|Any CPU
		{7F202332-0583-4389-8092-A4702F67820D}.AI|Any CPU.ActiveCfg = Debug|Any CPU
		{7F202332-0583-4389-8092-A4702F67820D}.AI|Any CPU.Build.0 = Debug|Any CPU
		{7F202332-0583-4389-8092-A4702F67820D}.Debug|Any CPU.ActiveCfg = Debug|Any CPU
		{7F202332-0583-4389-8092-A4702F67820D}.Debug|Any CPU.Build.0 = Debug|Any CPU
		{7F202332-0583-4389-8092-A4702F67820D}.EC|Any CPU.ActiveCfg = Debug|Any CPU
		{7F202332-0583-4389-8092-A4702F67820D}.EC|Any CPU.Build.0 = Debug|Any CPU
		{7F202332-0583-4389-8092-A4702F67820D}.HS|Any CPU.ActiveCfg = Debug|Any CPU
		{7F202332-0583-4389-8092-A4702F67820D}.HS|Any CPU.Build.0 = Debug|Any CPU
		{7F202332-0583-4389-8092-A4702F67820D}.HS2|Any CPU.ActiveCfg = Debug|Any CPU
		{7F202332-0583-4389-8092-A4702F67820D}.HS2|Any CPU.Build.0 = Debug|Any CPU
		{7F202332-0583-4389-8092-A4702F67820D}.KOI|Any CPU.ActiveCfg = Debug|Any CPU
		{7F202332-0583-4389-8092-A4702F67820D}.KOI|Any CPU.Build.0 = Debug|Any CPU
		{7F202332-0583-4389-8092-A4702F67820D}.PH|Any CPU.ActiveCfg = Debug|Any CPU
		{7F202332-0583-4389-8092-A4702F67820D}.PH|Any CPU.Build.0 = Debug|Any CPU
		{7F202332-0583-4389-8092-A4702F67820D}.Release|Any CPU.ActiveCfg = Release|Any CPU
		{7F202332-0583-4389-8092-A4702F67820D}.Release|Any CPU.Build.0 = Release|Any CPU
		{5F8EBCF4-40DD-430D-88E0-16FB47336638}.AI|Any CPU.ActiveCfg = Debug|Any CPU
		{5F8EBCF4-40DD-430D-88E0-16FB47336638}.AI|Any CPU.Build.0 = Debug|Any CPU
		{5F8EBCF4-40DD-430D-88E0-16FB47336638}.Debug|Any CPU.ActiveCfg = Debug|Any CPU
		{5F8EBCF4-40DD-430D-88E0-16FB47336638}.Debug|Any CPU.Build.0 = Debug|Any CPU
		{5F8EBCF4-40DD-430D-88E0-16FB47336638}.EC|Any CPU.ActiveCfg = Debug|Any CPU
		{5F8EBCF4-40DD-430D-88E0-16FB47336638}.EC|Any CPU.Build.0 = Debug|Any CPU
		{5F8EBCF4-40DD-430D-88E0-16FB47336638}.HS|Any CPU.ActiveCfg = Debug|Any CPU
		{5F8EBCF4-40DD-430D-88E0-16FB47336638}.HS|Any CPU.Build.0 = Debug|Any CPU
		{5F8EBCF4-40DD-430D-88E0-16FB47336638}.HS2|Any CPU.ActiveCfg = Debug|Any CPU
		{5F8EBCF4-40DD-430D-88E0-16FB47336638}.HS2|Any CPU.Build.0 = Debug|Any CPU
		{5F8EBCF4-40DD-430D-88E0-16FB47336638}.KOI|Any CPU.ActiveCfg = Debug|Any CPU
		{5F8EBCF4-40DD-430D-88E0-16FB47336638}.KOI|Any CPU.Build.0 = Debug|Any CPU
		{5F8EBCF4-40DD-430D-88E0-16FB47336638}.PH|Any CPU.ActiveCfg = Debug|Any CPU
		{5F8EBCF4-40DD-430D-88E0-16FB47336638}.PH|Any CPU.Build.0 = Debug|Any CPU
		{5F8EBCF4-40DD-430D-88E0-16FB47336638}.Release|Any CPU.ActiveCfg = Release|Any CPU
		{5F8EBCF4-40DD-430D-88E0-16FB47336638}.Release|Any CPU.Build.0 = Release|Any CPU
	EndGlobalSection
	GlobalSection(SolutionProperties) = preSolution
		HideSolutionNode = FALSE
	EndGlobalSection
	GlobalSection(NestedProjects) = preSolution
		{B6448057-F9C2-4E9C-8E18-09C556CFCB46} = {A10412DF-AF85-43AA-82D2-424DC3023104}
		{3F36532D-F399-4E6C-95D0-4AC7B8C2CA23} = {A10412DF-AF85-43AA-82D2-424DC3023104}
		{27695E5F-8D1E-41DC-A81C-1F0C1814627C} = {A10412DF-AF85-43AA-82D2-424DC3023104}
		{AA7D625F-C599-4B63-81BB-97D4B1F938DF} = {A10412DF-AF85-43AA-82D2-424DC3023104}
		{A7B48165-66A9-49C6-9C99-B24CDFA9501C} = {A10412DF-AF85-43AA-82D2-424DC3023104}
		{8CB77A1A-2AD1-4087-A709-7C39BBAB2D78} = {A10412DF-AF85-43AA-82D2-424DC3023104}
		{D2B58411-B5C3-4BC4-A9C1-2FFDED229313} = {A10412DF-AF85-43AA-82D2-424DC3023104}
		{971E90E7-09BA-4FD3-A21D-054C7ABCE1A9} = {A10412DF-AF85-43AA-82D2-424DC3023104}
		{2929DB12-18C8-4158-A934-43C2FDEEF2F5} = {A10412DF-AF85-43AA-82D2-424DC3023104}
		{FFBA8101-B8B3-427D-9748-9395F3FD7ED7} = {A10412DF-AF85-43AA-82D2-424DC3023104}
		{1D4EDD68-4D52-4239-B7FC-EB1A482750A4} = {A10412DF-AF85-43AA-82D2-424DC3023104}
		{50A20BAA-58C0-44E4-B219-770FC90276C1} = {A10412DF-AF85-43AA-82D2-424DC3023104}
		{38517CA0-3427-413D-8855-98D4A6A44B15} = {A10412DF-AF85-43AA-82D2-424DC3023104}
		{7971486C-3DFE-40CC-BBFE-69962BD35F35} = {A10412DF-AF85-43AA-82D2-424DC3023104}
		{7C8D61BF-6F2F-4BF8-A82C-9893ECA1E6F8} = {A10412DF-AF85-43AA-82D2-424DC3023104}
		{22D768D0-1405-453D-80AA-E91D1B0EB956} = {4A717F88-2D2F-4374-8F84-6B65FEA43E93}
		{607FCC24-1E15-4FF8-A662-21D28FE01671} = {4A717F88-2D2F-4374-8F84-6B65FEA43E93}
		{5E38F4CC-F411-4532-8361-46543715C48B} = {4A717F88-2D2F-4374-8F84-6B65FEA43E93}
		{C55C162F-0F90-450B-96CC-6021168DB63A} = {4F7FCC33-018D-4EBC-A5E1-1A60BE091917}
		{73FEC2F5-225C-4363-984F-746DBAB6F6F5} = {4F7FCC33-018D-4EBC-A5E1-1A60BE091917}
		{4789548F-9126-4881-AD87-A5A68628062D} = {4F7FCC33-018D-4EBC-A5E1-1A60BE091917}
		{3978AEA2-BFCB-43C1-A909-921290587540} = {322BDAAE-E671-42A5-A6C0-0120C629957A}
		{34F37CA2-ADA1-41D8-9AAA-CB9E67514373} = {322BDAAE-E671-42A5-A6C0-0120C629957A}
		{E9A8DFAE-8470-4AB1-B5A6-6F9C9B42A3D7} = {322BDAAE-E671-42A5-A6C0-0120C629957A}
		{8D687395-37EC-4632-BFD3-BB9F56EC04B4} = {DADEF895-193D-4178-A67D-A54848914825}
		{2E566206-CB55-49B1-9D60-6182D596292F} = {DADEF895-193D-4178-A67D-A54848914825}
		{B4C7CDD3-B206-478D-B51F-FDC64C815F02} = {DADEF895-193D-4178-A67D-A54848914825}
		{18698BC1-FB52-4A36-9984-22A739269C83} = {4A717F88-2D2F-4374-8F84-6B65FEA43E93}
		{19BF99C1-720F-41F4-A241-EB4CF589E6AD} = {4A717F88-2D2F-4374-8F84-6B65FEA43E93}
		{7EF020D2-5340-455E-9CDB-466B5A2CED94} = {322BDAAE-E671-42A5-A6C0-0120C629957A}
		{0E8A5A0B-D464-4950-BA76-E23F4F74FCFD} = {322BDAAE-E671-42A5-A6C0-0120C629957A}
		{B0103FD9-F358-405E-98D8-6C408D3F725B} = {4F7FCC33-018D-4EBC-A5E1-1A60BE091917}
		{9E8A6BDF-1100-4B2E-B2F4-69E1C00092AF} = {4F7FCC33-018D-4EBC-A5E1-1A60BE091917}
		{8E11FDE0-E762-4A16-92C9-48538A21137A} = {DADEF895-193D-4178-A67D-A54848914825}
		{73FD7F4C-C9AC-4366-956A-B580675AF57B} = {DADEF895-193D-4178-A67D-A54848914825}
		{FB575D3D-F66E-482F-8447-B5A22B2A14A8} = {6CE01CC0-5CAF-48B1-B21A-5E6FE306C23C}
		{27D7086F-B9A7-43E6-A4FD-DBDA2B5C5375} = {6CE01CC0-5CAF-48B1-B21A-5E6FE306C23C}
		{87FCDD0F-FD4F-48AD-8A0A-56116EBB8BB5} = {6CE01CC0-5CAF-48B1-B21A-5E6FE306C23C}
		{E0FD10AF-2B3B-44A6-8699-31D24B84C551} = {6CE01CC0-5CAF-48B1-B21A-5E6FE306C23C}
		{087D164B-3816-4884-9FA7-D5810A89F5E0} = {6CE01CC0-5CAF-48B1-B21A-5E6FE306C23C}
		{7F202332-0583-4389-8092-A4702F67820D} = {DF686ECF-D913-4C25-9876-A99C1706CBF3}
		{3B3C7451-90B2-4092-BDEE-5B8AB8F50501} = {DF686ECF-D913-4C25-9876-A99C1706CBF3}
		{5F8EBCF4-40DD-430D-88E0-16FB47336638} = {DF686ECF-D913-4C25-9876-A99C1706CBF3}
	EndGlobalSection
	GlobalSection(ExtensibilityGlobals) = postSolution
		SolutionGuid = {A138173C-ADED-4DEF-AE9B-B4B1F5CF0298}
	EndGlobalSection
	GlobalSection(Performance) = preSolution
		HasPerformanceSessions = true
	EndGlobalSection
EndGlobal
