
Microsoft Visual Studio Solution File, Format Version 12.00
# Visual Studio Version 17
VisualStudioVersion = 17.1.32414.318
MinimumVisualStudioVersion = 10.0.40219.1
Project("{FAE04EC0-301F-11D3-BF4B-00C04F79EFBC}") = "HSPE", "HSPE\HSPE.csproj", "{B6448057-F9C2-4E9C-8E18-09C556CFCB46}"
EndProject
Project("{FAE04EC0-301F-11D3-BF4B-00C04F79EFBC}") = "MoreAccessories", "MoreAccessories\MoreAccessories.csproj", "{3F36532D-F399-4E6C-95D0-4AC7B8C2CA23}"
EndProject
Project("{FAE04EC0-301F-11D3-BF4B-00C04F79EFBC}") = "HSExtSave", "HSExtSave\HSExtSave.csproj", "{27695E5F-8D1E-41DC-A81C-1F0C1814627C}"
EndProject
Project("{FAE04EC0-301F-11D3-BF4B-00C04F79EFBC}") = "FogEditor", "FogEditor\FogEditor.csproj", "{AA7D625F-C599-4B63-81BB-97D4B1F938DF}"
EndProject
Project("{FAE04EC0-301F-11D3-BF4B-00C04F79EFBC}") = "RendererEditor", "RendererEditor\RendererEditor.csproj", "{A7B48165-66A9-49C6-9C99-B24CDFA9501C}"
EndProject
Project("{FAE04EC0-301F-11D3-BF4B-00C04F79EFBC}") = "LightingEditor", "LightingEditor\LightingEditor.csproj", "{8CB77A1A-2AD1-4087-A709-7C39BBAB2D78}"
EndProject
Project("{FAE04EC0-301F-11D3-BF4B-00C04F79EFBC}") = "Instrumentation", "Instrumentation\Instrumentation.csproj", "{D2B58411-B5C3-4BC4-A9C1-2FFDED229313}"
EndProject
Project("{FAE04EC0-301F-11D3-BF4B-00C04F79EFBC}") = "MoreAccessoriesKOI", "MoreAccessoriesKOI\MoreAccessoriesKOI.csproj", "{971E90E7-09BA-4FD3-A21D-054C7ABCE1A9}"
EndProject
Project("{FAE04EC0-301F-11D3-BF4B-00C04F79EFBC}") = "HSIBL", "HSIBL\HSIBL.csproj", "{2929DB12-18C8-4158-A934-43C2FDEEF2F5}"
EndProject
Project("{FAE04EC0-301F-11D3-BF4B-00C04F79EFBC}") = "BonesFramework", "BonesFramework\BonesFramework.csproj", "{FFBA8101-B8B3-427D-9748-9395F3FD7ED7}"
EndProject
Project("{FAE04EC0-301F-11D3-BF4B-00C04F79EFBC}") = "CameraEditor", "CameraEditor\CameraEditor.csproj", "{1D4EDD68-4D52-4239-B7FC-EB1A482750A4}"
EndProject
Project("{FAE04EC0-301F-11D3-BF4B-00C04F79EFBC}") = "HSStandard", "HSStandard\HSStandard.csproj", "{50A20BAA-58C0-44E4-B219-770FC90276C1}"
EndProject
Project("{FAE04EC0-301F-11D3-BF4B-00C04F79EFBC}") = "HSLRE", "HSLRE\HSLRE.csproj", "{38517CA0-3427-413D-8855-98D4A6A44B15}"
EndProject
Project("{FAE04EC0-301F-11D3-BF4B-00C04F79EFBC}") = "PoseViewer", "PoseViewer\PoseViewer.csproj", "{7971486C-3DFE-40CC-BBFE-69962BD35F35}"
EndProject
Project("{FAE04EC0-301F-11D3-BF4B-00C04F79EFBC}") = "MoreAccessoriesAI", "MoreAccessoriesAI\MoreAccessoriesAI.csproj", "{7C8D61BF-6F2F-4BF8-A82C-9893ECA1E6F8}"
EndProject
Project("{D954291E-2A0B-460D-934E-DC6B0785DB48}") = "UIUtility", "UIUtility\UIUtility.shproj", "{074E95D7-3B9A-4CD9-B1B6-6F7273D400A4}"
EndProject
Project("{D954291E-2A0B-460D-934E-DC6B0785DB48}") = "ToolBox", "ToolBox\ToolBox.shproj", "{34A5E7CE-5612-4FEE-8290-2C4290363A40}"
EndProject
Project("{2150E333-8FDC-42A3-9474-1A3956D46DE8}") = "_Needs work", "_Needs work", "{A10412DF-AF85-43AA-82D2-424DC3023104}"
EndProject
Global
	GlobalSection(SolutionConfigurationPlatforms) = preSolution
		AI|Any CPU = AI|Any CPU
		Debug|Any CPU = Debug|Any CPU
		EC|Any CPU = EC|Any CPU
		HS|Any CPU = HS|Any CPU
		HS2|Any CPU = HS2|Any CPU
		KOI|Any CPU = KOI|Any CPU
		PH|Any CPU = PH|Any CPU
		Release|Any CPU = Release|Any CPU
	EndGlobalSection
	GlobalSection(ProjectConfigurationPlatforms) = postSolution
		{B6448057-F9C2-4E9C-8E18-09C556CFCB46}.AI|Any CPU.ActiveCfg = AI|Any CPU
		{B6448057-F9C2-4E9C-8E18-09C556CFCB46}.Debug|Any CPU.ActiveCfg = HS|Any CPU
		{B6448057-F9C2-4E9C-8E18-09C556CFCB46}.EC|Any CPU.ActiveCfg = HS2|Any CPU
		{B6448057-F9C2-4E9C-8E18-09C556CFCB46}.EC|Any CPU.Build.0 = HS2|Any CPU
		{B6448057-F9C2-4E9C-8E18-09C556CFCB46}.HS|Any CPU.ActiveCfg = HS|Any CPU
		{B6448057-F9C2-4E9C-8E18-09C556CFCB46}.HS|Any CPU.Build.0 = HS|Any CPU
		{B6448057-F9C2-4E9C-8E18-09C556CFCB46}.HS2|Any CPU.ActiveCfg = HS2|Any CPU
		{B6448057-F9C2-4E9C-8E18-09C556CFCB46}.HS2|Any CPU.Build.0 = HS2|Any CPU
		{B6448057-F9C2-4E9C-8E18-09C556CFCB46}.KOI|Any CPU.ActiveCfg = KOI|Any CPU
		{B6448057-F9C2-4E9C-8E18-09C556CFCB46}.KOI|Any CPU.Build.0 = KOI|Any CPU
		{B6448057-F9C2-4E9C-8E18-09C556CFCB46}.PH|Any CPU.ActiveCfg = PH|Any CPU
		{B6448057-F9C2-4E9C-8E18-09C556CFCB46}.PH|Any CPU.Build.0 = PH|Any CPU
		{B6448057-F9C2-4E9C-8E18-09C556CFCB46}.Release|Any CPU.ActiveCfg = HS|Any CPU
		{3F36532D-F399-4E6C-95D0-4AC7B8C2CA23}.AI|Any CPU.ActiveCfg = HS|Any CPU
		{3F36532D-F399-4E6C-95D0-4AC7B8C2CA23}.Debug|Any CPU.ActiveCfg = HS|Any CPU
		{3F36532D-F399-4E6C-95D0-4AC7B8C2CA23}.EC|Any CPU.ActiveCfg = HS|Any CPU
		{3F36532D-F399-4E6C-95D0-4AC7B8C2CA23}.EC|Any CPU.Build.0 = HS|Any CPU
		{3F36532D-F399-4E6C-95D0-4AC7B8C2CA23}.HS|Any CPU.ActiveCfg = HS|Any CPU
		{3F36532D-F399-4E6C-95D0-4AC7B8C2CA23}.HS|Any CPU.Build.0 = HS|Any CPU
		{3F36532D-F399-4E6C-95D0-4AC7B8C2CA23}.HS2|Any CPU.ActiveCfg = HS|Any CPU
		{3F36532D-F399-4E6C-95D0-4AC7B8C2CA23}.HS2|Any CPU.Build.0 = HS|Any CPU
		{3F36532D-F399-4E6C-95D0-4AC7B8C2CA23}.KOI|Any CPU.ActiveCfg = HS|Any CPU
		{3F36532D-F399-4E6C-95D0-4AC7B8C2CA23}.PH|Any CPU.ActiveCfg = HS|Any CPU
		{3F36532D-F399-4E6C-95D0-4AC7B8C2CA23}.Release|Any CPU.ActiveCfg = HS|Any CPU
		{27695E5F-8D1E-41DC-A81C-1F0C1814627C}.AI|Any CPU.ActiveCfg = PH|Any CPU
		{27695E5F-8D1E-41DC-A81C-1F0C1814627C}.Debug|Any CPU.ActiveCfg = HS|Any CPU
		{27695E5F-8D1E-41DC-A81C-1F0C1814627C}.EC|Any CPU.ActiveCfg = HS|Any CPU
		{27695E5F-8D1E-41DC-A81C-1F0C1814627C}.EC|Any CPU.Build.0 = HS|Any CPU
		{27695E5F-8D1E-41DC-A81C-1F0C1814627C}.HS|Any CPU.ActiveCfg = HS|Any CPU
		{27695E5F-8D1E-41DC-A81C-1F0C1814627C}.HS|Any CPU.Build.0 = HS|Any CPU
		{27695E5F-8D1E-41DC-A81C-1F0C1814627C}.HS2|Any CPU.ActiveCfg = HS|Any CPU
		{27695E5F-8D1E-41DC-A81C-1F0C1814627C}.HS2|Any CPU.Build.0 = HS|Any CPU
		{27695E5F-8D1E-41DC-A81C-1F0C1814627C}.KOI|Any CPU.ActiveCfg = PH|Any CPU
		{27695E5F-8D1E-41DC-A81C-1F0C1814627C}.PH|Any CPU.ActiveCfg = PH|Any CPU
		{27695E5F-8D1E-41DC-A81C-1F0C1814627C}.PH|Any CPU.Build.0 = PH|Any CPU
		{27695E5F-8D1E-41DC-A81C-1F0C1814627C}.Release|Any CPU.ActiveCfg = HS|Any CPU
		{AA7D625F-C599-4B63-81BB-97D4B1F938DF}.AI|Any CPU.ActiveCfg = HS|Any CPU
		{AA7D625F-C599-4B63-81BB-97D4B1F938DF}.Debug|Any CPU.ActiveCfg = HS|Any CPU
		{AA7D625F-C599-4B63-81BB-97D4B1F938DF}.EC|Any CPU.ActiveCfg = HS|Any CPU
		{AA7D625F-C599-4B63-81BB-97D4B1F938DF}.EC|Any CPU.Build.0 = HS|Any CPU
		{AA7D625F-C599-4B63-81BB-97D4B1F938DF}.HS|Any CPU.ActiveCfg = HS|Any CPU
		{AA7D625F-C599-4B63-81BB-97D4B1F938DF}.HS|Any CPU.Build.0 = HS|Any CPU
		{AA7D625F-C599-4B63-81BB-97D4B1F938DF}.HS2|Any CPU.ActiveCfg = HS|Any CPU
		{AA7D625F-C599-4B63-81BB-97D4B1F938DF}.HS2|Any CPU.Build.0 = HS|Any CPU
		{AA7D625F-C599-4B63-81BB-97D4B1F938DF}.KOI|Any CPU.ActiveCfg = HS|Any CPU
		{AA7D625F-C599-4B63-81BB-97D4B1F938DF}.PH|Any CPU.ActiveCfg = HS|Any CPU
		{AA7D625F-C599-4B63-81BB-97D4B1F938DF}.Release|Any CPU.ActiveCfg = HS|Any CPU
		{A7B48165-66A9-49C6-9C99-B24CDFA9501C}.AI|Any CPU.ActiveCfg = AI|Any CPU
		{A7B48165-66A9-49C6-9C99-B24CDFA9501C}.Debug|Any CPU.ActiveCfg = HS|Any CPU
		{A7B48165-66A9-49C6-9C99-B24CDFA9501C}.EC|Any CPU.ActiveCfg = KOI|Any CPU
		{A7B48165-66A9-49C6-9C99-B24CDFA9501C}.EC|Any CPU.Build.0 = KOI|Any CPU
		{A7B48165-66A9-49C6-9C99-B24CDFA9501C}.HS|Any CPU.ActiveCfg = HS|Any CPU
		{A7B48165-66A9-49C6-9C99-B24CDFA9501C}.HS|Any CPU.Build.0 = HS|Any CPU
		{A7B48165-66A9-49C6-9C99-B24CDFA9501C}.HS2|Any CPU.ActiveCfg = HS2|Any CPU
		{A7B48165-66A9-49C6-9C99-B24CDFA9501C}.HS2|Any CPU.Build.0 = HS2|Any CPU
		{A7B48165-66A9-49C6-9C99-B24CDFA9501C}.KOI|Any CPU.ActiveCfg = HS|Any CPU
		{A7B48165-66A9-49C6-9C99-B24CDFA9501C}.KOI|Any CPU.Build.0 = HS|Any CPU
		{A7B48165-66A9-49C6-9C99-B24CDFA9501C}.PH|Any CPU.ActiveCfg = HS|Any CPU
		{A7B48165-66A9-49C6-9C99-B24CDFA9501C}.PH|Any CPU.Build.0 = HS|Any CPU
		{A7B48165-66A9-49C6-9C99-B24CDFA9501C}.Release|Any CPU.ActiveCfg = HS|Any CPU
		{8CB77A1A-2AD1-4087-A709-7C39BBAB2D78}.AI|Any CPU.ActiveCfg = AI|Any CPU
		{8CB77A1A-2AD1-4087-A709-7C39BBAB2D78}.Debug|Any CPU.ActiveCfg = HS|Any CPU
		{8CB77A1A-2AD1-4087-A709-7C39BBAB2D78}.EC|Any CPU.ActiveCfg = KOI|Any CPU
		{8CB77A1A-2AD1-4087-A709-7C39BBAB2D78}.EC|Any CPU.Build.0 = KOI|Any CPU
		{8CB77A1A-2AD1-4087-A709-7C39BBAB2D78}.HS|Any CPU.ActiveCfg = HS|Any CPU
		{8CB77A1A-2AD1-4087-A709-7C39BBAB2D78}.HS|Any CPU.Build.0 = HS|Any CPU
		{8CB77A1A-2AD1-4087-A709-7C39BBAB2D78}.HS2|Any CPU.ActiveCfg = HS|Any CPU
		{8CB77A1A-2AD1-4087-A709-7C39BBAB2D78}.HS2|Any CPU.Build.0 = HS|Any CPU
		{8CB77A1A-2AD1-4087-A709-7C39BBAB2D78}.KOI|Any CPU.ActiveCfg = HS|Any CPU
		{8CB77A1A-2AD1-4087-A709-7C39BBAB2D78}.PH|Any CPU.ActiveCfg = HS|Any CPU
		{8CB77A1A-2AD1-4087-A709-7C39BBAB2D78}.Release|Any CPU.ActiveCfg = HS|Any CPU
		{D2B58411-B5C3-4BC4-A9C1-2FFDED229313}.AI|Any CPU.ActiveCfg = AI|Any CPU
		{D2B58411-B5C3-4BC4-A9C1-2FFDED229313}.Debug|Any CPU.ActiveCfg = KOI|Any CPU
		{D2B58411-B5C3-4BC4-A9C1-2FFDED229313}.EC|Any CPU.ActiveCfg = HS|Any CPU
		{D2B58411-B5C3-4BC4-A9C1-2FFDED229313}.EC|Any CPU.Build.0 = HS|Any CPU
		{D2B58411-B5C3-4BC4-A9C1-2FFDED229313}.HS|Any CPU.ActiveCfg = HS|Any CPU
		{D2B58411-B5C3-4BC4-A9C1-2FFDED229313}.HS|Any CPU.Build.0 = HS|Any CPU
		{D2B58411-B5C3-4BC4-A9C1-2FFDED229313}.HS2|Any CPU.ActiveCfg = HS|Any CPU
		{D2B58411-B5C3-4BC4-A9C1-2FFDED229313}.HS2|Any CPU.Build.0 = HS|Any CPU
		{D2B58411-B5C3-4BC4-A9C1-2FFDED229313}.KOI|Any CPU.ActiveCfg = KOI|Any CPU
		{D2B58411-B5C3-4BC4-A9C1-2FFDED229313}.KOI|Any CPU.Build.0 = KOI|Any CPU
		{D2B58411-B5C3-4BC4-A9C1-2FFDED229313}.PH|Any CPU.ActiveCfg = KOI|Any CPU
		{D2B58411-B5C3-4BC4-A9C1-2FFDED229313}.Release|Any CPU.ActiveCfg = KOI|Any CPU
		{971E90E7-09BA-4FD3-A21D-054C7ABCE1A9}.AI|Any CPU.ActiveCfg = KOI|Any CPU
		{971E90E7-09BA-4FD3-A21D-054C7ABCE1A9}.Debug|Any CPU.ActiveCfg = KOI|Any CPU
		{971E90E7-09BA-4FD3-A21D-054C7ABCE1A9}.EC|Any CPU.ActiveCfg = EC|Any CPU
		{971E90E7-09BA-4FD3-A21D-054C7ABCE1A9}.EC|Any CPU.Build.0 = EC|Any CPU
		{971E90E7-09BA-4FD3-A21D-054C7ABCE1A9}.HS|Any CPU.ActiveCfg = KOI|Any CPU
		{971E90E7-09BA-4FD3-A21D-054C7ABCE1A9}.HS2|Any CPU.ActiveCfg = EC|Any CPU
		{971E90E7-09BA-4FD3-A21D-054C7ABCE1A9}.HS2|Any CPU.Build.0 = EC|Any CPU
		{971E90E7-09BA-4FD3-A21D-054C7ABCE1A9}.KOI|Any CPU.ActiveCfg = KOI|Any CPU
		{971E90E7-09BA-4FD3-A21D-054C7ABCE1A9}.KOI|Any CPU.Build.0 = KOI|Any CPU
		{971E90E7-09BA-4FD3-A21D-054C7ABCE1A9}.PH|Any CPU.ActiveCfg = KOI|Any CPU
		{971E90E7-09BA-4FD3-A21D-054C7ABCE1A9}.Release|Any CPU.ActiveCfg = KOI|Any CPU
		{2929DB12-18C8-4158-A934-43C2FDEEF2F5}.AI|Any CPU.ActiveCfg = AI|Any CPU
		{2929DB12-18C8-4158-A934-43C2FDEEF2F5}.Debug|Any CPU.ActiveCfg = HS|Any CPU
		{2929DB12-18C8-4158-A934-43C2FDEEF2F5}.EC|Any CPU.ActiveCfg = HS|Any CPU
		{2929DB12-18C8-4158-A934-43C2FDEEF2F5}.EC|Any CPU.Build.0 = HS|Any CPU
		{2929DB12-18C8-4158-A934-43C2FDEEF2F5}.HS|Any CPU.ActiveCfg = Release|Any CPU
		{2929DB12-18C8-4158-A934-43C2FDEEF2F5}.HS|Any CPU.Build.0 = Release|Any CPU
		{2929DB12-18C8-4158-A934-43C2FDEEF2F5}.HS2|Any CPU.ActiveCfg = HS|Any CPU
		{2929DB12-18C8-4158-A934-43C2FDEEF2F5}.HS2|Any CPU.Build.0 = HS|Any CPU
		{2929DB12-18C8-4158-A934-43C2FDEEF2F5}.KOI|Any CPU.ActiveCfg = HS|Any CPU
		{2929DB12-18C8-4158-A934-43C2FDEEF2F5}.PH|Any CPU.ActiveCfg = HS|Any CPU
		{2929DB12-18C8-4158-A934-43C2FDEEF2F5}.Release|Any CPU.ActiveCfg = HS|Any CPU
		{FFBA8101-B8B3-427D-9748-9395F3FD7ED7}.AI|Any CPU.ActiveCfg = AI|Any CPU
		{FFBA8101-B8B3-427D-9748-9395F3FD7ED7}.AI|Any CPU.Build.0 = AI|Any CPU
		{FFBA8101-B8B3-427D-9748-9395F3FD7ED7}.Debug|Any CPU.ActiveCfg = HS|Any CPU
		{FFBA8101-B8B3-427D-9748-9395F3FD7ED7}.EC|Any CPU.ActiveCfg = HS2|Any CPU
		{FFBA8101-B8B3-427D-9748-9395F3FD7ED7}.EC|Any CPU.Build.0 = HS2|Any CPU
		{FFBA8101-B8B3-427D-9748-9395F3FD7ED7}.HS|Any CPU.ActiveCfg = HS|Any CPU
		{FFBA8101-B8B3-427D-9748-9395F3FD7ED7}.HS|Any CPU.Build.0 = HS|Any CPU
		{FFBA8101-B8B3-427D-9748-9395F3FD7ED7}.HS2|Any CPU.ActiveCfg = HS2|Any CPU
		{FFBA8101-B8B3-427D-9748-9395F3FD7ED7}.HS2|Any CPU.Build.0 = HS2|Any CPU
		{FFBA8101-B8B3-427D-9748-9395F3FD7ED7}.KOI|Any CPU.ActiveCfg = HS|Any CPU
		{FFBA8101-B8B3-427D-9748-9395F3FD7ED7}.PH|Any CPU.ActiveCfg = HS|Any CPU
		{FFBA8101-B8B3-427D-9748-9395F3FD7ED7}.Release|Any CPU.ActiveCfg = HS|Any CPU
		{1D4EDD68-4D52-4239-B7FC-EB1A482750A4}.AI|Any CPU.ActiveCfg = KOI|Any CPU
		{1D4EDD68-4D52-4239-B7FC-EB1A482750A4}.Debug|Any CPU.ActiveCfg = HS|Any CPU
		{1D4EDD68-4D52-4239-B7FC-EB1A482750A4}.EC|Any CPU.ActiveCfg = HS|Any CPU
		{1D4EDD68-4D52-4239-B7FC-EB1A482750A4}.EC|Any CPU.Build.0 = HS|Any CPU
		{1D4EDD68-4D52-4239-B7FC-EB1A482750A4}.HS|Any CPU.ActiveCfg = HS|Any CPU
		{1D4EDD68-4D52-4239-B7FC-EB1A482750A4}.HS|Any CPU.Build.0 = HS|Any CPU
		{1D4EDD68-4D52-4239-B7FC-EB1A482750A4}.HS2|Any CPU.ActiveCfg = HS|Any CPU
		{1D4EDD68-4D52-4239-B7FC-EB1A482750A4}.HS2|Any CPU.Build.0 = HS|Any CPU
		{1D4EDD68-4D52-4239-B7FC-EB1A482750A4}.KOI|Any CPU.ActiveCfg = KOI|Any CPU
		{1D4EDD68-4D52-4239-B7FC-EB1A482750A4}.PH|Any CPU.ActiveCfg = KOI|Any CPU
		{1D4EDD68-4D52-4239-B7FC-EB1A482750A4}.Release|Any CPU.ActiveCfg = HS|Any CPU
		{50A20BAA-58C0-44E4-B219-770FC90276C1}.AI|Any CPU.ActiveCfg = AI|Any CPU
		{50A20BAA-58C0-44E4-B219-770FC90276C1}.Debug|Any CPU.ActiveCfg = HS|Any CPU
		{50A20BAA-58C0-44E4-B219-770FC90276C1}.EC|Any CPU.ActiveCfg = HS|Any CPU
		{50A20BAA-58C0-44E4-B219-770FC90276C1}.EC|Any CPU.Build.0 = HS|Any CPU
		{50A20BAA-58C0-44E4-B219-770FC90276C1}.HS|Any CPU.ActiveCfg = HS|Any CPU
		{50A20BAA-58C0-44E4-B219-770FC90276C1}.HS|Any CPU.Build.0 = HS|Any CPU
		{50A20BAA-58C0-44E4-B219-770FC90276C1}.HS2|Any CPU.ActiveCfg = HS|Any CPU
		{50A20BAA-58C0-44E4-B219-770FC90276C1}.HS2|Any CPU.Build.0 = HS|Any CPU
		{50A20BAA-58C0-44E4-B219-770FC90276C1}.KOI|Any CPU.ActiveCfg = HS|Any CPU
		{50A20BAA-58C0-44E4-B219-770FC90276C1}.PH|Any CPU.ActiveCfg = HS|Any CPU
		{50A20BAA-58C0-44E4-B219-770FC90276C1}.Release|Any CPU.ActiveCfg = HS|Any CPU
		{38517CA0-3427-413D-8855-98D4A6A44B15}.AI|Any CPU.ActiveCfg = AI|Any CPU
		{38517CA0-3427-413D-8855-98D4A6A44B15}.Debug|Any CPU.ActiveCfg = HS|Any CPU
		{38517CA0-3427-413D-8855-98D4A6A44B15}.EC|Any CPU.ActiveCfg = HS|Any CPU
		{38517CA0-3427-413D-8855-98D4A6A44B15}.EC|Any CPU.Build.0 = HS|Any CPU
		{38517CA0-3427-413D-8855-98D4A6A44B15}.HS|Any CPU.ActiveCfg = HS|Any CPU
		{38517CA0-3427-413D-8855-98D4A6A44B15}.HS|Any CPU.Build.0 = HS|Any CPU
		{38517CA0-3427-413D-8855-98D4A6A44B15}.HS2|Any CPU.ActiveCfg = HS|Any CPU
		{38517CA0-3427-413D-8855-98D4A6A44B15}.HS2|Any CPU.Build.0 = HS|Any CPU
		{38517CA0-3427-413D-8855-98D4A6A44B15}.KOI|Any CPU.ActiveCfg = HS|Any CPU
		{38517CA0-3427-413D-8855-98D4A6A44B15}.PH|Any CPU.ActiveCfg = HS|Any CPU
		{38517CA0-3427-413D-8855-98D4A6A44B15}.Release|Any CPU.ActiveCfg = HS|Any CPU
		{7971486C-3DFE-40CC-BBFE-69962BD35F35}.AI|Any CPU.ActiveCfg = HS|Any CPU
		{7971486C-3DFE-40CC-BBFE-69962BD35F35}.Debug|Any CPU.ActiveCfg = HS|Any CPU
		{7971486C-3DFE-40CC-BBFE-69962BD35F35}.EC|Any CPU.ActiveCfg = HS|Any CPU
		{7971486C-3DFE-40CC-BBFE-69962BD35F35}.EC|Any CPU.Build.0 = HS|Any CPU
		{7971486C-3DFE-40CC-BBFE-69962BD35F35}.HS|Any CPU.ActiveCfg = HS|Any CPU
		{7971486C-3DFE-40CC-BBFE-69962BD35F35}.HS|Any CPU.Build.0 = HS|Any CPU
		{7971486C-3DFE-40CC-BBFE-69962BD35F35}.HS2|Any CPU.ActiveCfg = HS|Any CPU
		{7971486C-3DFE-40CC-BBFE-69962BD35F35}.HS2|Any CPU.Build.0 = HS|Any CPU
		{7971486C-3DFE-40CC-BBFE-69962BD35F35}.KOI|Any CPU.ActiveCfg = HS|Any CPU
		{7971486C-3DFE-40CC-BBFE-69962BD35F35}.PH|Any CPU.ActiveCfg = HS|Any CPU
		{7971486C-3DFE-40CC-BBFE-69962BD35F35}.Release|Any CPU.ActiveCfg = HS|Any CPU
		{7C8D61BF-6F2F-4BF8-A82C-9893ECA1E6F8}.AI|Any CPU.ActiveCfg = AI|Any CPU
		{7C8D61BF-6F2F-4BF8-A82C-9893ECA1E6F8}.AI|Any CPU.Build.0 = AI|Any CPU
		{7C8D61BF-6F2F-4BF8-A82C-9893ECA1E6F8}.Debug|Any CPU.ActiveCfg = AI|Any CPU
		{7C8D61BF-6F2F-4BF8-A82C-9893ECA1E6F8}.EC|Any CPU.ActiveCfg = HS2|Any CPU
		{7C8D61BF-6F2F-4BF8-A82C-9893ECA1E6F8}.EC|Any CPU.Build.0 = HS2|Any CPU
		{7C8D61BF-6F2F-4BF8-A82C-9893ECA1E6F8}.HS|Any CPU.ActiveCfg = AI|Any CPU
		{7C8D61BF-6F2F-4BF8-A82C-9893ECA1E6F8}.HS2|Any CPU.ActiveCfg = HS2|Any CPU
		{7C8D61BF-6F2F-4BF8-A82C-9893ECA1E6F8}.HS2|Any CPU.Build.0 = HS2|Any CPU
		{7C8D61BF-6F2F-4BF8-A82C-9893ECA1E6F8}.KOI|Any CPU.ActiveCfg = AI|Any CPU
		{7C8D61BF-6F2F-4BF8-A82C-9893ECA1E6F8}.PH|Any CPU.ActiveCfg = AI|Any CPU
		{7C8D61BF-6F2F-4BF8-A82C-9893ECA1E6F8}.Release|Any CPU.ActiveCfg = AI|Any CPU
	EndGlobalSection
	GlobalSection(SolutionProperties) = preSolution
		HideSolutionNode = FALSE
	EndGlobalSection
	GlobalSection(NestedProjects) = preSolution
		{B6448057-F9C2-4E9C-8E18-09C556CFCB46} = {A10412DF-AF85-43AA-82D2-424DC3023104}
		{3F36532D-F399-4E6C-95D0-4AC7B8C2CA23} = {A10412DF-AF85-43AA-82D2-424DC3023104}
		{27695E5F-8D1E-41DC-A81C-1F0C1814627C} = {A10412DF-AF85-43AA-82D2-424DC3023104}
		{AA7D625F-C599-4B63-81BB-97D4B1F938DF} = {A10412DF-AF85-43AA-82D2-424DC3023104}
		{A7B48165-66A9-49C6-9C99-B24CDFA9501C} = {A10412DF-AF85-43AA-82D2-424DC3023104}
		{8CB77A1A-2AD1-4087-A709-7C39BBAB2D78} = {A10412DF-AF85-43AA-82D2-424DC3023104}
		{D2B58411-B5C3-4BC4-A9C1-2FFDED229313} = {A10412DF-AF85-43AA-82D2-424DC3023104}
		{971E90E7-09BA-4FD3-A21D-054C7ABCE1A9} = {A10412DF-AF85-43AA-82D2-424DC3023104}
		{2929DB12-18C8-4158-A934-43C2FDEEF2F5} = {A10412DF-AF85-43AA-82D2-424DC3023104}
		{FFBA8101-B8B3-427D-9748-9395F3FD7ED7} = {A10412DF-AF85-43AA-82D2-424DC3023104}
		{1D4EDD68-4D52-4239-B7FC-EB1A482750A4} = {A10412DF-AF85-43AA-82D2-424DC3023104}
		{50A20BAA-58C0-44E4-B219-770FC90276C1} = {A10412DF-AF85-43AA-82D2-424DC3023104}
		{38517CA0-3427-413D-8855-98D4A6A44B15} = {A10412DF-AF85-43AA-82D2-424DC3023104}
		{7971486C-3DFE-40CC-BBFE-69962BD35F35} = {A10412DF-AF85-43AA-82D2-424DC3023104}
		{7C8D61BF-6F2F-4BF8-A82C-9893ECA1E6F8} = {A10412DF-AF85-43AA-82D2-424DC3023104}
	EndGlobalSection
	GlobalSection(ExtensibilityGlobals) = postSolution
		SolutionGuid = {A138173C-ADED-4DEF-AE9B-B4B1F5CF0298}
	EndGlobalSection
	GlobalSection(SharedMSBuildProjectFiles) = preSolution
		UIUtility\UIUtility.projitems*{074e95d7-3b9a-4cd9-b1b6-6f7273d400a4}*SharedItemsImports = 13
		ToolBox\ToolBox.projitems*{34a5e7ce-5612-4fee-8290-2c4290363a40}*SharedItemsImports = 13
	EndGlobalSection
	GlobalSection(Performance) = preSolution
		HasPerformanceSessions = true
	EndGlobalSection
EndGlobal
